// !$*UTF8*$!
{
	archiveVersion = 1;
	classes = {
	};
	objectVersion = 46;
	objects = {

/* Begin PBXBuildFile section */
		096f3235d514dc3fe5e39995 /* LRResty.framework in Frameworks */ = {isa = PBXBuildFile; fileRef = BBDF9EDE16B2AA6600BA33B2 /* LRResty.framework */; };
		17d925732da5e85766b912ef /* MessageUI.framework in Frameworks */ = {isa = PBXBuildFile; fileRef = BBD814B51700A2710058DD2B /* MessageUI.framework */; };
		20d1981c273e50f0d65ef7be /* Thumbr_logo.png in Resources */ = {isa = PBXBuildFile; fileRef = BB0589D1165D1BD800819790 /* Thumbr_logo.png */; };
		2f186ed501cb8ec192a83b1a /* SystemConfiguration.framework in Frameworks */ = {isa = PBXBuildFile; fileRef = B8E18A0A15988FD1002487B3 /* SystemConfiguration.framework */; };
		32a2a69ec9d4e403169463f2 /* background@2x~ipad.png in Resources */ = {isa = PBXBuildFile; fileRef = BBBD2019169ACE14006B38FB /* background@2x~ipad.png */; };
		42ba10e236345d6a05a6f6cb /* Thumbr.framework in Frameworks */ = {isa = PBXBuildFile; fileRef = BBAE163A170B432500D77F52 /* Thumbr.framework */; };
		435242b7298f9a592b7edcf8 /* ipad.png in Resources */ = {isa = PBXBuildFile; fileRef = BB0589E0165D1EE400819790 /* ipad.png */; };
		441da5b99ca71b55a2de0b70 /* Thumbr-iPhone.bundle in Resources */ = {isa = PBXBuildFile; fileRef = BB1F73BB1667AC310006F0B6 /* Thumbr-iPhone.bundle */; };
		46a246882921efccab50e879 /* AudioToolbox.framework in Frameworks */ = {isa = PBXBuildFile; fileRef = BB2BE5C91758DCBE00E9CCE9 /* AudioToolbox.framework */; };
		4bbe0d1ece65cb10d66bbec4 /* calabash.framework in Frameworks */ = {isa = PBXBuildFile; fileRef = 76ed9e26fcc5c0a0b5b4d28f /* calabash.framework */; };
		5102cf84de1a9d39547470a8 /* Default-Landscape@2x~ipad.png in Resources */ = {isa = PBXBuildFile; fileRef = BB0589E6165D1F8D00819790 /* Default-Landscape@2x~ipad.png */; };
		5458dbd8dd6119a53bfd9e25 /* ipadretina.png in Resources */ = {isa = PBXBuildFile; fileRef = BB0589E2165D1EE700819790 /* ipadretina.png */; };
		67d05dbd0d3a038c01030df6 /* InfoPlist.strings in Resources */ = {isa = PBXBuildFile; fileRef = B8E189EC15988DE1002487B3 /* InfoPlist.strings */; };
		757c31d5dfe58115f16cbbe5 /* Foundation.framework in Frameworks */ = {isa = PBXBuildFile; fileRef = B8E189E515988DE1002487B3 /* Foundation.framework */; };
		7a692aa6b50e2cc7a2d1b743 /* logo.png in Resources */ = {isa = PBXBuildFile; fileRef = BB8FAF2F165FA49900740205 /* logo.png */; };
		7e72e78c11a54fb84f44e34a /* CoreGraphics.framework in Frameworks */ = {isa = PBXBuildFile; fileRef = B8E189E715988DE1002487B3 /* CoreGraphics.framework */; };
		8608114a9bda0c3e4d72b791 /* Default@2x.png in Resources */ = {isa = PBXBuildFile; fileRef = BB0589DC165D1E6D00819790 /* Default@2x.png */; };
		8913f012960bd33d77fdbfff /* main.m in Sources */ = {isa = PBXBuildFile; fileRef = B8E189EF15988DE1002487B3 /* main.m */; };
		92af9371561fb798fce92a31 /* UIKit.framework in Frameworks */ = {isa = PBXBuildFile; fileRef = B8E189E315988DE1002487B3 /* UIKit.framework */; };
		96f4cfe2a347650b54a0fd46 /* Default-568h@2x.png in Resources */ = {isa = PBXBuildFile; fileRef = BB8FAF9D166379B600740205 /* Default-568h@2x.png */; };
		97cf259c2b942dc821453dee /* Default-Landscape~ipad.png in Resources */ = {isa = PBXBuildFile; fileRef = BB0589E4165D1F8B00819790 /* Default-Landscape~ipad.png */; };
		982559b669b4d1f6548d7bd6 /* libAppsFlyerLib.a in Frameworks */ = {isa = PBXBuildFile; fileRef = BBD9E7161663BE9F0096E648 /* libAppsFlyerLib.a */; };
		B8E189E415988DE1002487B3 /* UIKit.framework in Frameworks */ = {isa = PBXBuildFile; fileRef = B8E189E315988DE1002487B3 /* UIKit.framework */; };
		B8E189E615988DE1002487B3 /* Foundation.framework in Frameworks */ = {isa = PBXBuildFile; fileRef = B8E189E515988DE1002487B3 /* Foundation.framework */; };
		B8E189E815988DE1002487B3 /* CoreGraphics.framework in Frameworks */ = {isa = PBXBuildFile; fileRef = B8E189E715988DE1002487B3 /* CoreGraphics.framework */; };
		B8E189EE15988DE1002487B3 /* InfoPlist.strings in Resources */ = {isa = PBXBuildFile; fileRef = B8E189EC15988DE1002487B3 /* InfoPlist.strings */; };
		B8E189F015988DE1002487B3 /* main.m in Sources */ = {isa = PBXBuildFile; fileRef = B8E189EF15988DE1002487B3 /* main.m */; };
		B8E189F415988DE1002487B3 /* AppDelegate.m in Sources */ = {isa = PBXBuildFile; fileRef = B8E189F315988DE1002487B3 /* AppDelegate.m */; };
		B8E18A0915988F91002487B3 /* CFNetwork.framework in Frameworks */ = {isa = PBXBuildFile; fileRef = B8E18A0815988F91002487B3 /* CFNetwork.framework */; };
		B8E18A0B15988FD1002487B3 /* SystemConfiguration.framework in Frameworks */ = {isa = PBXBuildFile; fileRef = B8E18A0A15988FD1002487B3 /* SystemConfiguration.framework */; };
		BB0589D2165D1BD800819790 /* Thumbr_logo.png in Resources */ = {isa = PBXBuildFile; fileRef = BB0589D1165D1BD800819790 /* Thumbr_logo.png */; };
		BB0589D4165D1BDB00819790 /* Thumbr_logo@2x.png in Resources */ = {isa = PBXBuildFile; fileRef = BB0589D3165D1BDB00819790 /* Thumbr_logo@2x.png */; };
		BB0589DA165D1E6800819790 /* Default.png in Resources */ = {isa = PBXBuildFile; fileRef = BB0589D9165D1E6800819790 /* Default.png */; };
		BB0589DD165D1E6D00819790 /* Default@2x.png in Resources */ = {isa = PBXBuildFile; fileRef = BB0589DC165D1E6D00819790 /* Default@2x.png */; };
		BB0589E1165D1EE400819790 /* ipad.png in Resources */ = {isa = PBXBuildFile; fileRef = BB0589E0165D1EE400819790 /* ipad.png */; };
		BB0589E3165D1EE700819790 /* ipadretina.png in Resources */ = {isa = PBXBuildFile; fileRef = BB0589E2165D1EE700819790 /* ipadretina.png */; };
		BB0589E5165D1F8B00819790 /* Default-Landscape~ipad.png in Resources */ = {isa = PBXBuildFile; fileRef = BB0589E4165D1F8B00819790 /* Default-Landscape~ipad.png */; };
		BB0589E7165D1F8D00819790 /* Default-Landscape@2x~ipad.png in Resources */ = {isa = PBXBuildFile; fileRef = BB0589E6165D1F8D00819790 /* Default-Landscape@2x~ipad.png */; };
		BB0589E9165D1F9100819790 /* Default-Portrait~ipad.png in Resources */ = {isa = PBXBuildFile; fileRef = BB0589E8165D1F9100819790 /* Default-Portrait~ipad.png */; };
		BB0589EB165D1F9400819790 /* Default-Portrait@2x~ipad.png in Resources */ = {isa = PBXBuildFile; fileRef = BB0589EA165D1F9400819790 /* Default-Portrait@2x~ipad.png */; };
		BB1F73BC1667AC310006F0B6 /* Thumbr-iPad.bundle in Resources */ = {isa = PBXBuildFile; fileRef = BB1F73BA1667AC310006F0B6 /* Thumbr-iPad.bundle */; };
		BB1F73BD1667AC310006F0B6 /* Thumbr-iPhone.bundle in Resources */ = {isa = PBXBuildFile; fileRef = BB1F73BB1667AC310006F0B6 /* Thumbr-iPhone.bundle */; };
		BB2BE5CA1758DCBE00E9CCE9 /* AudioToolbox.framework in Frameworks */ = {isa = PBXBuildFile; fileRef = BB2BE5C91758DCBE00E9CCE9 /* AudioToolbox.framework */; };
		BB7F512E168373CB0080C773 /* ViewController_iPad_landscape.xib in Resources */ = {isa = PBXBuildFile; fileRef = BB7F512C168373CB0080C773 /* ViewController_iPad_landscape.xib */; };
		BB7F512F168373CB0080C773 /* ViewController_iPhone.xib in Resources */ = {isa = PBXBuildFile; fileRef = BB7F512D168373CB0080C773 /* ViewController_iPhone.xib */; };
		BB8FAF30165FA49900740205 /* logo.png in Resources */ = {isa = PBXBuildFile; fileRef = BB8FAF2F165FA49900740205 /* logo.png */; };
		BB8FAF9E166379B600740205 /* Default-568h@2x.png in Resources */ = {isa = PBXBuildFile; fileRef = BB8FAF9D166379B600740205 /* Default-568h@2x.png */; };
		BBAB489C17044E3800F7F71C /* ViewController.m in Sources */ = {isa = PBXBuildFile; fileRef = B8E189F615988DE1002487B3 /* ViewController.m */; };
		BBAE1639170B430300D77F52 /* MadsSDK.framework in Frameworks */ = {isa = PBXBuildFile; fileRef = BBAE1638170B430300D77F52 /* MadsSDK.framework */; };
		BBAE163B170B432500D77F52 /* Thumbr.framework in Frameworks */ = {isa = PBXBuildFile; fileRef = BBAE163A170B432500D77F52 /* Thumbr.framework */; settings = {ATTRIBUTES = (Required, ); }; };
		BBBD201D169ACE14006B38FB /* background@2x~ipad.png in Resources */ = {isa = PBXBuildFile; fileRef = BBBD2019169ACE14006B38FB /* background@2x~ipad.png */; };
		BBD814B61700A2710058DD2B /* AdSupport.framework in Frameworks */ = {isa = PBXBuildFile; fileRef = BBD814B01700A2710058DD2B /* AdSupport.framework */; };
		BBD814B71700A2710058DD2B /* CoreLocation.framework in Frameworks */ = {isa = PBXBuildFile; fileRef = BBD814B11700A2710058DD2B /* CoreLocation.framework */; };
		BBD814B81700A2710058DD2B /* CoreTelephony.framework in Frameworks */ = {isa = PBXBuildFile; fileRef = BBD814B21700A2710058DD2B /* CoreTelephony.framework */; };
		BBD814B91700A2710058DD2B /* EventKit.framework in Frameworks */ = {isa = PBXBuildFile; fileRef = BBD814B31700A2710058DD2B /* EventKit.framework */; };
		BBD814BA1700A2710058DD2B /* MediaPlayer.framework in Frameworks */ = {isa = PBXBuildFile; fileRef = BBD814B41700A2710058DD2B /* MediaPlayer.framework */; };
		BBD814BB1700A2710058DD2B /* MessageUI.framework in Frameworks */ = {isa = PBXBuildFile; fileRef = BBD814B51700A2710058DD2B /* MessageUI.framework */; };
		BBD9E7171663BE9F0096E648 /* libAppsFlyerLib.a in Frameworks */ = {isa = PBXBuildFile; fileRef = BBD9E7161663BE9F0096E648 /* libAppsFlyerLib.a */; };
		BBDF9EDF16B2AA6600BA33B2 /* LRResty.framework in Frameworks */ = {isa = PBXBuildFile; fileRef = BBDF9EDE16B2AA6600BA33B2 /* LRResty.framework */; };
		a32cc4138e75229925852194 /* CoreLocation.framework in Frameworks */ = {isa = PBXBuildFile; fileRef = BBD814B11700A2710058DD2B /* CoreLocation.framework */; };
		a372b22f592f29bbc5b2735f /* MediaPlayer.framework in Frameworks */ = {isa = PBXBuildFile; fileRef = BBD814B41700A2710058DD2B /* MediaPlayer.framework */; };
		a5fbfb9dfe266eb5ef6a78c5 /* Thumbr-iPad.bundle in Resources */ = {isa = PBXBuildFile; fileRef = BB1F73BA1667AC310006F0B6 /* Thumbr-iPad.bundle */; };
		b801ee6cf60dcdf262be9c40 /* ViewController_iPad_landscape.xib in Resources */ = {isa = PBXBuildFile; fileRef = BB7F512C168373CB0080C773 /* ViewController_iPad_landscape.xib */; };
		b8af7b6a22fb13b8fb129119 /* Default-Portrait@2x~ipad.png in Resources */ = {isa = PBXBuildFile; fileRef = BB0589EA165D1F9400819790 /* Default-Portrait@2x~ipad.png */; };
		c153789f1875c42e7ba9c328 /* Default.png in Resources */ = {isa = PBXBuildFile; fileRef = BB0589D9165D1E6800819790 /* Default.png */; };
		cdf133f83661124a0ad3ebf5 /* AdSupport.framework in Frameworks */ = {isa = PBXBuildFile; fileRef = BBD814B01700A2710058DD2B /* AdSupport.framework */; };
		d60526acaf5d62909f0b8e06 /* ViewController.m in Sources */ = {isa = PBXBuildFile; fileRef = B8E189F615988DE1002487B3 /* ViewController.m */; };
		d630620896bc44b522b8d2ba /* AppDelegate.m in Sources */ = {isa = PBXBuildFile; fileRef = B8E189F315988DE1002487B3 /* AppDelegate.m */; };
		d90c394d53c3a50bc550b5c8 /* Thumbr_logo@2x.png in Resources */ = {isa = PBXBuildFile; fileRef = BB0589D3165D1BDB00819790 /* Thumbr_logo@2x.png */; };
		ddeea714e46fa1f72935ee0b /* ViewController_iPhone.xib in Resources */ = {isa = PBXBuildFile; fileRef = BB7F512D168373CB0080C773 /* ViewController_iPhone.xib */; };
		e4f12dad6721725a046fa22d /* CoreTelephony.framework in Frameworks */ = {isa = PBXBuildFile; fileRef = BBD814B21700A2710058DD2B /* CoreTelephony.framework */; };
		e54fee5233af588e1c40cf0d /* MadsSDK.framework in Frameworks */ = {isa = PBXBuildFile; fileRef = BBAE1638170B430300D77F52 /* MadsSDK.framework */; };
		efb09ca2bde67a8a80a9fc46 /* CFNetwork.framework in Frameworks */ = {isa = PBXBuildFile; fileRef = B8E18A0815988F91002487B3 /* CFNetwork.framework */; };
		f8d9e7efd39aab64d13fc07c /* EventKit.framework in Frameworks */ = {isa = PBXBuildFile; fileRef = BBD814B31700A2710058DD2B /* EventKit.framework */; };
		fe1b0e9891724127829375fa /* Default-Portrait~ipad.png in Resources */ = {isa = PBXBuildFile; fileRef = BB0589E8165D1F9100819790 /* Default-Portrait~ipad.png */; };
/* End PBXBuildFile section */

/* Begin PBXFileReference section */
		76ed9e26fcc5c0a0b5b4d28f /* calabash.framework */ = {isa = PBXFileReference; fileEncoding = 4; lastKnownFileType = wrapper.framework; path = calabash.framework; sourceTree = "<group>"; };
		B8E189DF15988DE1002487B3 /* TestSDK.app */ = {isa = PBXFileReference; explicitFileType = wrapper.application; includeInIndex = 0; path = TestSDK.app; sourceTree = BUILT_PRODUCTS_DIR; };
		B8E189E315988DE1002487B3 /* UIKit.framework */ = {isa = PBXFileReference; lastKnownFileType = wrapper.framework; name = UIKit.framework; path = System/Library/Frameworks/UIKit.framework; sourceTree = SDKROOT; };
		B8E189E515988DE1002487B3 /* Foundation.framework */ = {isa = PBXFileReference; lastKnownFileType = wrapper.framework; name = Foundation.framework; path = System/Library/Frameworks/Foundation.framework; sourceTree = SDKROOT; };
		B8E189E715988DE1002487B3 /* CoreGraphics.framework */ = {isa = PBXFileReference; lastKnownFileType = wrapper.framework; name = CoreGraphics.framework; path = System/Library/Frameworks/CoreGraphics.framework; sourceTree = SDKROOT; };
		B8E189EB15988DE1002487B3 /* TestSDK-Info.plist */ = {isa = PBXFileReference; lastKnownFileType = text.plist.xml; path = "TestSDK-Info.plist"; sourceTree = "<group>"; };
		B8E189ED15988DE1002487B3 /* en */ = {isa = PBXFileReference; lastKnownFileType = text.plist.strings; name = en; path = en.lproj/InfoPlist.strings; sourceTree = "<group>"; };
		B8E189EF15988DE1002487B3 /* main.m */ = {isa = PBXFileReference; lastKnownFileType = sourcecode.c.objc; path = main.m; sourceTree = "<group>"; };
		B8E189F115988DE1002487B3 /* TestSDK-Prefix.pch */ = {isa = PBXFileReference; lastKnownFileType = sourcecode.c.h; path = "TestSDK-Prefix.pch"; sourceTree = "<group>"; };
		B8E189F215988DE1002487B3 /* AppDelegate.h */ = {isa = PBXFileReference; lastKnownFileType = sourcecode.c.h; path = AppDelegate.h; sourceTree = "<group>"; };
		B8E189F315988DE1002487B3 /* AppDelegate.m */ = {isa = PBXFileReference; lastKnownFileType = sourcecode.c.objc; path = AppDelegate.m; sourceTree = "<group>"; };
		B8E189F515988DE1002487B3 /* ViewController.h */ = {isa = PBXFileReference; lastKnownFileType = sourcecode.c.h; path = ViewController.h; sourceTree = "<group>"; };
		B8E189F615988DE1002487B3 /* ViewController.m */ = {isa = PBXFileReference; lastKnownFileType = sourcecode.c.objc; path = ViewController.m; sourceTree = "<group>"; };
		B8E18A0815988F91002487B3 /* CFNetwork.framework */ = {isa = PBXFileReference; lastKnownFileType = wrapper.framework; name = CFNetwork.framework; path = System/Library/Frameworks/CFNetwork.framework; sourceTree = SDKROOT; };
		B8E18A0A15988FD1002487B3 /* SystemConfiguration.framework */ = {isa = PBXFileReference; lastKnownFileType = wrapper.framework; name = SystemConfiguration.framework; path = System/Library/Frameworks/SystemConfiguration.framework; sourceTree = SDKROOT; };
		BB0589D1165D1BD800819790 /* Thumbr_logo.png */ = {isa = PBXFileReference; lastKnownFileType = image.png; path = Thumbr_logo.png; sourceTree = "<group>"; };
		BB0589D3165D1BDB00819790 /* Thumbr_logo@2x.png */ = {isa = PBXFileReference; lastKnownFileType = image.png; path = "Thumbr_logo@2x.png"; sourceTree = "<group>"; };
		BB0589D9165D1E6800819790 /* Default.png */ = {isa = PBXFileReference; lastKnownFileType = image.png; path = Default.png; sourceTree = "<group>"; };
		BB0589DC165D1E6D00819790 /* Default@2x.png */ = {isa = PBXFileReference; lastKnownFileType = image.png; path = "Default@2x.png"; sourceTree = "<group>"; };
		BB0589E0165D1EE400819790 /* ipad.png */ = {isa = PBXFileReference; lastKnownFileType = image.png; path = ipad.png; sourceTree = "<group>"; };
		BB0589E2165D1EE700819790 /* ipadretina.png */ = {isa = PBXFileReference; lastKnownFileType = image.png; path = ipadretina.png; sourceTree = "<group>"; };
		BB0589E4165D1F8B00819790 /* Default-Landscape~ipad.png */ = {isa = PBXFileReference; lastKnownFileType = image.png; path = "Default-Landscape~ipad.png"; sourceTree = "<group>"; };
		BB0589E6165D1F8D00819790 /* Default-Landscape@2x~ipad.png */ = {isa = PBXFileReference; lastKnownFileType = image.png; path = "Default-Landscape@2x~ipad.png"; sourceTree = "<group>"; };
		BB0589E8165D1F9100819790 /* Default-Portrait~ipad.png */ = {isa = PBXFileReference; lastKnownFileType = image.png; path = "Default-Portrait~ipad.png"; sourceTree = "<group>"; };
		BB0589EA165D1F9400819790 /* Default-Portrait@2x~ipad.png */ = {isa = PBXFileReference; lastKnownFileType = image.png; path = "Default-Portrait@2x~ipad.png"; sourceTree = "<group>"; };
		BB1F73BA1667AC310006F0B6 /* Thumbr-iPad.bundle */ = {isa = PBXFileReference; lastKnownFileType = "wrapper.plug-in"; name = "Thumbr-iPad.bundle"; path = "../SDK/output/Debug-universal/Thumbr-iPad.bundle"; sourceTree = "<group>"; };
		BB1F73BB1667AC310006F0B6 /* Thumbr-iPhone.bundle */ = {isa = PBXFileReference; lastKnownFileType = "wrapper.plug-in"; name = "Thumbr-iPhone.bundle"; path = "../SDK/output/Debug-universal/Thumbr-iPhone.bundle"; sourceTree = "<group>"; };
		BB2BE5C91758DCBE00E9CCE9 /* AudioToolbox.framework */ = {isa = PBXFileReference; lastKnownFileType = wrapper.framework; name = AudioToolbox.framework; path = System/Library/Frameworks/AudioToolbox.framework; sourceTree = SDKROOT; };
		BB7F512C168373CB0080C773 /* ViewController_iPad_landscape.xib */ = {isa = PBXFileReference; fileEncoding = 4; lastKnownFileType = file.xib; path = ViewController_iPad_landscape.xib; sourceTree = "<group>"; };
		BB7F512D168373CB0080C773 /* ViewController_iPhone.xib */ = {isa = PBXFileReference; fileEncoding = 4; lastKnownFileType = file.xib; path = ViewController_iPhone.xib; sourceTree = "<group>"; };
		BB8F0FDF16B6CA09003802B5 /* scoreExamples.txt */ = {isa = PBXFileReference; fileEncoding = 4; lastKnownFileType = text; path = scoreExamples.txt; sourceTree = "<group>"; };
		BB8FAF2F165FA49900740205 /* logo.png */ = {isa = PBXFileReference; lastKnownFileType = image.png; path = logo.png; sourceTree = "<group>"; };
		BB8FAF9D166379B600740205 /* Default-568h@2x.png */ = {isa = PBXFileReference; lastKnownFileType = image.png; path = "Default-568h@2x.png"; sourceTree = "<group>"; };
		BBA348D017452C9A0057D8D0 /* TestSDKQA-Info.plist */ = {isa = PBXFileReference; lastKnownFileType = text.plist.xml; name = "TestSDKQA-Info.plist"; path = "/Users/henri/Documents/Cliq/SDKs/__iOS/TestApp/TestSDKQA-Info.plist"; sourceTree = "<absolute>"; };
		BBA348D117452F1D0057D8D0 /* libTestStudioCommon.a */ = {isa = PBXFileReference; lastKnownFileType = archive.ar; path = libTestStudioCommon.a; sourceTree = "<group>"; };
		BBA348D217452F1D0057D8D0 /* libTestStudioExtension.a */ = {isa = PBXFileReference; lastKnownFileType = archive.ar; path = libTestStudioExtension.a; sourceTree = "<group>"; };
		BBAE1638170B430300D77F52 /* MadsSDK.framework */ = {isa = PBXFileReference; lastKnownFileType = wrapper.framework; path = MadsSDK.framework; sourceTree = "<group>"; };
		BBAE163A170B432500D77F52 /* Thumbr.framework */ = {isa = PBXFileReference; lastKnownFileType = wrapper.framework; name = Thumbr.framework; path = "../SDK/output/Debug-universal/Thumbr.framework"; sourceTree = "<group>"; };
		BBBCCD3117687E350065E0C4 /* TestSDK-cal.app */ = {isa = PBXFileReference; explicitFileType = wrapper.application; includeInIndex = 0; path = "TestSDK-cal.app"; sourceTree = BUILT_PRODUCTS_DIR; };
		BBBD2019169ACE14006B38FB /* background@2x~ipad.png */ = {isa = PBXFileReference; lastKnownFileType = image.png; path = "background@2x~ipad.png"; sourceTree = "<group>"; };
		BBD814B01700A2710058DD2B /* AdSupport.framework */ = {isa = PBXFileReference; lastKnownFileType = wrapper.framework; name = AdSupport.framework; path = System/Library/Frameworks/AdSupport.framework; sourceTree = SDKROOT; };
		BBD814B11700A2710058DD2B /* CoreLocation.framework */ = {isa = PBXFileReference; lastKnownFileType = wrapper.framework; name = CoreLocation.framework; path = System/Library/Frameworks/CoreLocation.framework; sourceTree = SDKROOT; };
		BBD814B21700A2710058DD2B /* CoreTelephony.framework */ = {isa = PBXFileReference; lastKnownFileType = wrapper.framework; name = CoreTelephony.framework; path = System/Library/Frameworks/CoreTelephony.framework; sourceTree = SDKROOT; };
		BBD814B31700A2710058DD2B /* EventKit.framework */ = {isa = PBXFileReference; lastKnownFileType = wrapper.framework; name = EventKit.framework; path = System/Library/Frameworks/EventKit.framework; sourceTree = SDKROOT; };
		BBD814B41700A2710058DD2B /* MediaPlayer.framework */ = {isa = PBXFileReference; lastKnownFileType = wrapper.framework; name = MediaPlayer.framework; path = System/Library/Frameworks/MediaPlayer.framework; sourceTree = SDKROOT; };
		BBD814B51700A2710058DD2B /* MessageUI.framework */ = {isa = PBXFileReference; lastKnownFileType = wrapper.framework; name = MessageUI.framework; path = System/Library/Frameworks/MessageUI.framework; sourceTree = SDKROOT; };
		BBD9E7141663BE880096E648 /* AppsFlyer.h */ = {isa = PBXFileReference; fileEncoding = 4; lastKnownFileType = sourcecode.c.h; path = AppsFlyer.h; sourceTree = "<group>"; };
		BBD9E7161663BE9F0096E648 /* libAppsFlyerLib.a */ = {isa = PBXFileReference; lastKnownFileType = archive.ar; name = libAppsFlyerLib.a; path = TestSDK/libAppsFlyerLib.a; sourceTree = "<group>"; };
		BBDF9EDE16B2AA6600BA33B2 /* LRResty.framework */ = {isa = PBXFileReference; lastKnownFileType = wrapper.framework; path = LRResty.framework; sourceTree = "<group>"; };
/* End PBXFileReference section */

/* Begin PBXFrameworksBuildPhase section */
		B8E189DC15988DE1002487B3 /* Frameworks */ = {
			isa = PBXFrameworksBuildPhase;
			buildActionMask = 2147483647;
			files = (
				BB2BE5CA1758DCBE00E9CCE9 /* AudioToolbox.framework in Frameworks */,
				BBD814B61700A2710058DD2B /* AdSupport.framework in Frameworks */,
				BBD814B71700A2710058DD2B /* CoreLocation.framework in Frameworks */,
				BBD814B81700A2710058DD2B /* CoreTelephony.framework in Frameworks */,
				BBD814B91700A2710058DD2B /* EventKit.framework in Frameworks */,
				BBD814BA1700A2710058DD2B /* MediaPlayer.framework in Frameworks */,
				BBD814BB1700A2710058DD2B /* MessageUI.framework in Frameworks */,
				B8E18A0B15988FD1002487B3 /* SystemConfiguration.framework in Frameworks */,
				B8E18A0915988F91002487B3 /* CFNetwork.framework in Frameworks */,
				B8E189E415988DE1002487B3 /* UIKit.framework in Frameworks */,
				B8E189E615988DE1002487B3 /* Foundation.framework in Frameworks */,
				B8E189E815988DE1002487B3 /* CoreGraphics.framework in Frameworks */,
				BBD9E7171663BE9F0096E648 /* libAppsFlyerLib.a in Frameworks */,
				BBDF9EDF16B2AA6600BA33B2 /* LRResty.framework in Frameworks */,
				BBAE1639170B430300D77F52 /* MadsSDK.framework in Frameworks */,
				BBAE163B170B432500D77F52 /* Thumbr.framework in Frameworks */,
			);
			runOnlyForDeploymentPostprocessing = 0;
		};
		a61805b9a3168f08695dd9a4 /* Frameworks */ = {
			isa = PBXFrameworksBuildPhase;
			buildActionMask = 2147483647;
			files = (
				46a246882921efccab50e879 /* AudioToolbox.framework in Frameworks */,
				cdf133f83661124a0ad3ebf5 /* AdSupport.framework in Frameworks */,
				a32cc4138e75229925852194 /* CoreLocation.framework in Frameworks */,
				e4f12dad6721725a046fa22d /* CoreTelephony.framework in Frameworks */,
				f8d9e7efd39aab64d13fc07c /* EventKit.framework in Frameworks */,
				a372b22f592f29bbc5b2735f /* MediaPlayer.framework in Frameworks */,
				17d925732da5e85766b912ef /* MessageUI.framework in Frameworks */,
				2f186ed501cb8ec192a83b1a /* SystemConfiguration.framework in Frameworks */,
				efb09ca2bde67a8a80a9fc46 /* CFNetwork.framework in Frameworks */,
				92af9371561fb798fce92a31 /* UIKit.framework in Frameworks */,
				757c31d5dfe58115f16cbbe5 /* Foundation.framework in Frameworks */,
				7e72e78c11a54fb84f44e34a /* CoreGraphics.framework in Frameworks */,
				982559b669b4d1f6548d7bd6 /* libAppsFlyerLib.a in Frameworks */,
				096f3235d514dc3fe5e39995 /* LRResty.framework in Frameworks */,
				e54fee5233af588e1c40cf0d /* MadsSDK.framework in Frameworks */,
				42ba10e236345d6a05a6f6cb /* Thumbr.framework in Frameworks */,
				4bbe0d1ece65cb10d66bbec4 /* calabash.framework in Frameworks */,
			);
			runOnlyForDeploymentPostprocessing = 0;
		};
/* End PBXFrameworksBuildPhase section */

/* Begin PBXGroup section */
		B889C74815A5C5180065AD24 /* Classes */ = {
			isa = PBXGroup;
			children = (
				B8E189F515988DE1002487B3 /* ViewController.h */,
				B8E189F615988DE1002487B3 /* ViewController.m */,
				BB7F512C168373CB0080C773 /* ViewController_iPad_landscape.xib */,
				BB7F512D168373CB0080C773 /* ViewController_iPhone.xib */,
				BBD9E7141663BE880096E648 /* AppsFlyer.h */,
			);
			name = Classes;
			sourceTree = "<group>";
		};
		B8E189D415988DE1002487B3 = {
			isa = PBXGroup;
			children = (
				BB2BE5C91758DCBE00E9CCE9 /* AudioToolbox.framework */,
				BBD814B01700A2710058DD2B /* AdSupport.framework */,
				BBD814B11700A2710058DD2B /* CoreLocation.framework */,
				BBD814B21700A2710058DD2B /* CoreTelephony.framework */,
				BBD814B31700A2710058DD2B /* EventKit.framework */,
				BBD814B41700A2710058DD2B /* MediaPlayer.framework */,
				BBD814B51700A2710058DD2B /* MessageUI.framework */,
				BB1F73BA1667AC310006F0B6 /* Thumbr-iPad.bundle */,
				BB1F73BB1667AC310006F0B6 /* Thumbr-iPhone.bundle */,
				BBD9E7161663BE9F0096E648 /* libAppsFlyerLib.a */,
				BB0589EA165D1F9400819790 /* Default-Portrait@2x~ipad.png */,
				BB8FAF9D166379B600740205 /* Default-568h@2x.png */,
				BB0589E8165D1F9100819790 /* Default-Portrait~ipad.png */,
				BB0589E6165D1F8D00819790 /* Default-Landscape@2x~ipad.png */,
				BBBD2019169ACE14006B38FB /* background@2x~ipad.png */,
				BB0589E4165D1F8B00819790 /* Default-Landscape~ipad.png */,
				BB8FAF2F165FA49900740205 /* logo.png */,
				BB0589E2165D1EE700819790 /* ipadretina.png */,
				BB0589E0165D1EE400819790 /* ipad.png */,
				BB0589DC165D1E6D00819790 /* Default@2x.png */,
				BB0589D9165D1E6800819790 /* Default.png */,
				BB0589D3165D1BDB00819790 /* Thumbr_logo@2x.png */,
				BB0589D1165D1BD800819790 /* Thumbr_logo.png */,
				B8E189E915988DE1002487B3 /* TestSDK */,
				B8E189E215988DE1002487B3 /* Frameworks */,
				B8E189E015988DE1002487B3 /* Products */,
				BBA348D017452C9A0057D8D0 /* TestSDKQA-Info.plist */,
				BBA348D117452F1D0057D8D0 /* libTestStudioCommon.a */,
				BBA348D217452F1D0057D8D0 /* libTestStudioExtension.a */,
			);
			sourceTree = "<group>";
		};
		B8E189E015988DE1002487B3 /* Products */ = {
			isa = PBXGroup;
			children = (
				B8E189DF15988DE1002487B3 /* TestSDK.app */,
				BBBCCD3117687E350065E0C4 /* TestSDK-cal.app */,
			);
			name = Products;
			sourceTree = "<group>";
		};
		B8E189E215988DE1002487B3 /* Frameworks */ = {
			isa = PBXGroup;
			children = (
				BBAE163A170B432500D77F52 /* Thumbr.framework */,
				BBAE1638170B430300D77F52 /* MadsSDK.framework */,
				BBDF9EDE16B2AA6600BA33B2 /* LRResty.framework */,
				B8E18A0A15988FD1002487B3 /* SystemConfiguration.framework */,
				B8E18A0815988F91002487B3 /* CFNetwork.framework */,
				B8E189E315988DE1002487B3 /* UIKit.framework */,
				B8E189E515988DE1002487B3 /* Foundation.framework */,
				B8E189E715988DE1002487B3 /* CoreGraphics.framework */,
				76ed9e26fcc5c0a0b5b4d28f /* calabash.framework */,
			);
			name = Frameworks;
			sourceTree = "<group>";
		};
		B8E189E915988DE1002487B3 /* TestSDK */ = {
			isa = PBXGroup;
			children = (
				B889C74815A5C5180065AD24 /* Classes */,
				B8E189F215988DE1002487B3 /* AppDelegate.h */,
				B8E189F315988DE1002487B3 /* AppDelegate.m */,
				B8E189EA15988DE1002487B3 /* Supporting Files */,
			);
			path = TestSDK;
			sourceTree = "<group>";
		};
		B8E189EA15988DE1002487B3 /* Supporting Files */ = {
			isa = PBXGroup;
			children = (
				BB8F0FDF16B6CA09003802B5 /* scoreExamples.txt */,
				B8E189EB15988DE1002487B3 /* TestSDK-Info.plist */,
				B8E189EC15988DE1002487B3 /* InfoPlist.strings */,
				B8E189EF15988DE1002487B3 /* main.m */,
				B8E189F115988DE1002487B3 /* TestSDK-Prefix.pch */,
			);
			name = "Supporting Files";
			sourceTree = "<group>";
		};
/* End PBXGroup section */

/* Begin PBXNativeTarget section */
		B8E189DE15988DE1002487B3 /* TestSDK */ = {
			isa = PBXNativeTarget;
			buildConfigurationList = B8E18A0015988DE1002487B3 /* Build configuration list for PBXNativeTarget "TestSDK" */;
			buildPhases = (
				B8E189DB15988DE1002487B3 /* Sources */,
				B8E189DC15988DE1002487B3 /* Frameworks */,
				B8E189DD15988DE1002487B3 /* Resources */,
			);
			buildRules = (
			);
			dependencies = (
			);
			name = TestSDK;
			productName = TestSDK;
			productReference = B8E189DF15988DE1002487B3 /* TestSDK.app */;
			productType = "com.apple.product-type.application";
		};
		f6f53ce616a0ffaa883a5a67 /* TestSDK-cal */ = {
			isa = PBXNativeTarget;
			buildConfigurationList = cf8aa0c2d0fa735d57af27ee /* Build configuration list for PBXNativeTarget "TestSDK-cal" */;
			buildPhases = (
				e7d33cb280477939c6f0ec73 /* Sources */,
				a61805b9a3168f08695dd9a4 /* Frameworks */,
				39e22ac5e11f986e2c874ba4 /* Resources */,
			);
			buildRules = (
			);
			dependencies = (
			);
			name = "TestSDK-cal";
			productName = "TestSDK-cal";
			productReference = BBBCCD3117687E350065E0C4 /* TestSDK-cal.app */;
			productType = "com.apple.product-type.application";
		};
/* End PBXNativeTarget section */

/* Begin PBXProject section */
		B8E189D615988DE1002487B3 /* Project object */ = {
			isa = PBXProject;
			attributes = {
				LastUpgradeCheck = 0500;
			};
			buildConfigurationList = B8E189D915988DE1002487B3 /* Build configuration list for PBXProject "TestSDK" */;
			compatibilityVersion = "Xcode 3.2";
			developmentRegion = English;
			hasScannedForEncodings = 0;
			knownRegions = (
				en,
			);
			mainGroup = B8E189D415988DE1002487B3;
			productRefGroup = B8E189E015988DE1002487B3 /* Products */;
			projectDirPath = "";
			projectRoot = "";
			targets = (
				B8E189DE15988DE1002487B3 /* TestSDK */,
				f6f53ce616a0ffaa883a5a67 /* TestSDK-cal */,
			);
		};
/* End PBXProject section */

/* Begin PBXResourcesBuildPhase section */
		39e22ac5e11f986e2c874ba4 /* Resources */ = {
			isa = PBXResourcesBuildPhase;
			buildActionMask = 2147483647;
			files = (
				67d05dbd0d3a038c01030df6 /* InfoPlist.strings in Resources */,
				20d1981c273e50f0d65ef7be /* Thumbr_logo.png in Resources */,
				d90c394d53c3a50bc550b5c8 /* Thumbr_logo@2x.png in Resources */,
				c153789f1875c42e7ba9c328 /* Default.png in Resources */,
				8608114a9bda0c3e4d72b791 /* Default@2x.png in Resources */,
				435242b7298f9a592b7edcf8 /* ipad.png in Resources */,
				5458dbd8dd6119a53bfd9e25 /* ipadretina.png in Resources */,
				97cf259c2b942dc821453dee /* Default-Landscape~ipad.png in Resources */,
				5102cf84de1a9d39547470a8 /* Default-Landscape@2x~ipad.png in Resources */,
				fe1b0e9891724127829375fa /* Default-Portrait~ipad.png in Resources */,
				b8af7b6a22fb13b8fb129119 /* Default-Portrait@2x~ipad.png in Resources */,
				7a692aa6b50e2cc7a2d1b743 /* logo.png in Resources */,
				96f4cfe2a347650b54a0fd46 /* Default-568h@2x.png in Resources */,
				a5fbfb9dfe266eb5ef6a78c5 /* Thumbr-iPad.bundle in Resources */,
				441da5b99ca71b55a2de0b70 /* Thumbr-iPhone.bundle in Resources */,
				b801ee6cf60dcdf262be9c40 /* ViewController_iPad_landscape.xib in Resources */,
				ddeea714e46fa1f72935ee0b /* ViewController_iPhone.xib in Resources */,
				32a2a69ec9d4e403169463f2 /* background@2x~ipad.png in Resources */,
			);
			runOnlyForDeploymentPostprocessing = 0;
		};
		B8E189DD15988DE1002487B3 /* Resources */ = {
			isa = PBXResourcesBuildPhase;
			buildActionMask = 2147483647;
			files = (
				B8E189EE15988DE1002487B3 /* InfoPlist.strings in Resources */,
				BB0589D2165D1BD800819790 /* Thumbr_logo.png in Resources */,
				BB0589D4165D1BDB00819790 /* Thumbr_logo@2x.png in Resources */,
				BB0589DA165D1E6800819790 /* Default.png in Resources */,
				BB0589DD165D1E6D00819790 /* Default@2x.png in Resources */,
				BB0589E1165D1EE400819790 /* ipad.png in Resources */,
				BB0589E3165D1EE700819790 /* ipadretina.png in Resources */,
				BB0589E5165D1F8B00819790 /* Default-Landscape~ipad.png in Resources */,
				BB0589E7165D1F8D00819790 /* Default-Landscape@2x~ipad.png in Resources */,
				BB0589E9165D1F9100819790 /* Default-Portrait~ipad.png in Resources */,
				BB0589EB165D1F9400819790 /* Default-Portrait@2x~ipad.png in Resources */,
				BB8FAF30165FA49900740205 /* logo.png in Resources */,
				BB8FAF9E166379B600740205 /* Default-568h@2x.png in Resources */,
				BB1F73BC1667AC310006F0B6 /* Thumbr-iPad.bundle in Resources */,
				BB1F73BD1667AC310006F0B6 /* Thumbr-iPhone.bundle in Resources */,
				BB7F512E168373CB0080C773 /* ViewController_iPad_landscape.xib in Resources */,
				BB7F512F168373CB0080C773 /* ViewController_iPhone.xib in Resources */,
				BBBD201D169ACE14006B38FB /* background@2x~ipad.png in Resources */,
			);
			runOnlyForDeploymentPostprocessing = 0;
		};
/* End PBXResourcesBuildPhase section */

/* Begin PBXSourcesBuildPhase section */
		B8E189DB15988DE1002487B3 /* Sources */ = {
			isa = PBXSourcesBuildPhase;
			buildActionMask = 2147483647;
			files = (
				B8E189F015988DE1002487B3 /* main.m in Sources */,
				B8E189F415988DE1002487B3 /* AppDelegate.m in Sources */,
				BBAB489C17044E3800F7F71C /* ViewController.m in Sources */,
			);
			runOnlyForDeploymentPostprocessing = 0;
		};
		e7d33cb280477939c6f0ec73 /* Sources */ = {
			isa = PBXSourcesBuildPhase;
			buildActionMask = 2147483647;
			files = (
				8913f012960bd33d77fdbfff /* main.m in Sources */,
				d630620896bc44b522b8d2ba /* AppDelegate.m in Sources */,
				d60526acaf5d62909f0b8e06 /* ViewController.m in Sources */,
			);
			runOnlyForDeploymentPostprocessing = 0;
		};
/* End PBXSourcesBuildPhase section */

/* Begin PBXVariantGroup section */
		B8E189EC15988DE1002487B3 /* InfoPlist.strings */ = {
			isa = PBXVariantGroup;
			children = (
				B8E189ED15988DE1002487B3 /* en */,
			);
			name = InfoPlist.strings;
			sourceTree = "<group>";
		};
/* End PBXVariantGroup section */

/* Begin XCBuildConfiguration section */
		2f7f7c0049f20ad6a36eebbe /* Release */ = {
			isa = XCBuildConfiguration;
			buildSettings = {
				CODE_SIGN_IDENTITY = "iPhone Developer: Henri de Mooij (6U35DYLRPT)";
				"CODE_SIGN_IDENTITY[sdk=iphoneos*]" = "iPhone Developer: Henri de Mooij (6U35DYLRPT)";
				FRAMEWORK_SEARCH_PATHS = (
					"$(inherited)",
					"\"$(SRCROOT)/../SDK/output/Debug-universal\"",
					"\"$(SRCROOT)/../SDK/output/Debug-universal\"",
					"\"$(SRCROOT)\"",
				);
				GCC_PRECOMPILE_PREFIX_HEADER = YES;
				GCC_PREFIX_HEADER = "TestSDK/TestSDK-Prefix.pch";
				GCC_THUMB_SUPPORT = NO;
				INFOPLIST_FILE = "TestSDK/TestSDK-Info.plist";
				IPHONEOS_DEPLOYMENT_TARGET = 4.3;
				LIBRARY_SEARCH_PATHS = (
					"$(inherited)",
					"\"$(SRCROOT)/TestSDK\"",
				);
				OTHER_LDFLAGS = (
					"-ObjC",
					"-all_load",
					"$(inherited)",
					"-force_load",
					"\"$(SRCROOT)/calabash.framework/calabash\"",
					"-lstdc++",
				);
				PRECOMPS_INCLUDE_HEADERS_FROM_BUILT_PRODUCTS_DIR = YES;
				PRODUCT_NAME = "$(TARGET_NAME)";
				PROVISIONING_PROFILE = "2CF4522B-8A87-46FD-A38C-02F56BB0DC4D";
				"PROVISIONING_PROFILE[sdk=iphoneos*]" = "9981A95A-AA37-4952-A79F-5712F6BB8FB5";
				WRAPPER_EXTENSION = app;
			};
			name = Release;
		};
		B8E189FE15988DE1002487B3 /* Debug */ = {
			isa = XCBuildConfiguration;
			buildSettings = {
				ALWAYS_SEARCH_USER_PATHS = NO;
				CLANG_WARN_BOOL_CONVERSION = YES;
				CLANG_WARN_CONSTANT_CONVERSION = YES;
				CLANG_WARN_EMPTY_BODY = YES;
				CLANG_WARN_ENUM_CONVERSION = YES;
				CLANG_WARN_INT_CONVERSION = YES;
				CLANG_WARN__DUPLICATE_METHOD_MATCH = YES;
				CODE_SIGN_IDENTITY = "iPhone Developer: Henri de Mooij (6U35DYLRPT)";
				"CODE_SIGN_IDENTITY[sdk=iphoneos*]" = "iPhone Developer: Henri de Mooij (6U35DYLRPT)";
				COPY_PHASE_STRIP = NO;
				GCC_C_LANGUAGE_STANDARD = gnu99;
				GCC_DYNAMIC_NO_PIC = NO;
				GCC_OPTIMIZATION_LEVEL = 0;
				GCC_PREPROCESSOR_DEFINITIONS = (
					"DEBUG=1",
					"$(inherited)",
				);
				GCC_SYMBOLS_PRIVATE_EXTERN = NO;
				GCC_THUMB_SUPPORT = NO;
				GCC_VERSION = com.apple.compilers.llvm.clang.1_0;
				GCC_WARN_ABOUT_RETURN_TYPE = YES;
				GCC_WARN_UNDECLARED_SELECTOR = YES;
				GCC_WARN_UNINITIALIZED_AUTOS = YES;
				GCC_WARN_UNUSED_FUNCTION = YES;
				GCC_WARN_UNUSED_VARIABLE = YES;
				IPHONEOS_DEPLOYMENT_TARGET = 4.3;
				ONLY_ACTIVE_ARCH = YES;
				PROVISIONING_PROFILE = "2CF4522B-8A87-46FD-A38C-02F56BB0DC4D";
				"PROVISIONING_PROFILE[sdk=iphoneos*]" = "9981A95A-AA37-4952-A79F-5712F6BB8FB5";
				SDKROOT = iphoneos;
				TARGETED_DEVICE_FAMILY = "1,2";
			};
			name = Debug;
		};
		B8E189FF15988DE1002487B3 /* Release */ = {
			isa = XCBuildConfiguration;
			buildSettings = {
				ALWAYS_SEARCH_USER_PATHS = NO;
				CLANG_WARN_BOOL_CONVERSION = YES;
				CLANG_WARN_CONSTANT_CONVERSION = YES;
				CLANG_WARN_EMPTY_BODY = YES;
				CLANG_WARN_ENUM_CONVERSION = YES;
				CLANG_WARN_INT_CONVERSION = YES;
				CLANG_WARN__DUPLICATE_METHOD_MATCH = YES;
				CODE_SIGN_IDENTITY = "iPhone Developer: Henri de Mooij (6U35DYLRPT)";
				"CODE_SIGN_IDENTITY[sdk=iphoneos*]" = "iPhone Developer: Henri de Mooij (6U35DYLRPT)";
				COPY_PHASE_STRIP = YES;
				GCC_C_LANGUAGE_STANDARD = gnu99;
				GCC_THUMB_SUPPORT = NO;
				GCC_VERSION = com.apple.compilers.llvm.clang.1_0;
				GCC_WARN_ABOUT_RETURN_TYPE = YES;
				GCC_WARN_UNDECLARED_SELECTOR = YES;
				GCC_WARN_UNINITIALIZED_AUTOS = YES;
				GCC_WARN_UNUSED_FUNCTION = YES;
				GCC_WARN_UNUSED_VARIABLE = YES;
				IPHONEOS_DEPLOYMENT_TARGET = 4.3;
				OTHER_CFLAGS = "-DNS_BLOCK_ASSERTIONS=1";
				PROVISIONING_PROFILE = "2CF4522B-8A87-46FD-A38C-02F56BB0DC4D";
				"PROVISIONING_PROFILE[sdk=iphoneos*]" = "9981A95A-AA37-4952-A79F-5712F6BB8FB5";
				SDKROOT = iphoneos;
				TARGETED_DEVICE_FAMILY = "1,2";
				VALIDATE_PRODUCT = YES;
			};
			name = Release;
		};
		B8E18A0115988DE1002487B3 /* Debug */ = {
			isa = XCBuildConfiguration;
			buildSettings = {
				CLANG_ENABLE_OBJC_ARC = NO;
				CODE_SIGN_IDENTITY = "iPhone Developer: Henri de Mooij (6U35DYLRPT)";
				"CODE_SIGN_IDENTITY[sdk=iphoneos*]" = "iPhone Developer: Henri de Mooij (6U35DYLRPT)";
				FRAMEWORK_SEARCH_PATHS = (
					"$(inherited)",
					"\"$(SRCROOT)/../SDK/output/Debug-universal\"",
					"\"$(SRCROOT)/../SDK/output/Debug-universal\"",
					"\"$(SRCROOT)\"",
				);
				GCC_PRECOMPILE_PREFIX_HEADER = YES;
				GCC_PREFIX_HEADER = "TestSDK/TestSDK-Prefix.pch";
				GCC_THUMB_SUPPORT = NO;
				INFOPLIST_FILE = "TestSDK/TestSDK-Info.plist";
				IPHONEOS_DEPLOYMENT_TARGET = 4.3;
				LIBRARY_SEARCH_PATHS = (
					"$(inherited)",
					"\"$(SRCROOT)/TestSDK\"",
				);
				OTHER_LDFLAGS = (
					"-ObjC",
					"-all_load",
				);
				PRECOMPS_INCLUDE_HEADERS_FROM_BUILT_PRODUCTS_DIR = YES;
				PRODUCT_NAME = "$(TARGET_NAME)";
				PROVISIONING_PROFILE = "2CF4522B-8A87-46FD-A38C-02F56BB0DC4D";
				"PROVISIONING_PROFILE[sdk=iphoneos*]" = "A5E7B34A-B8DD-4091-BBB4-B770F51445E4";
				WRAPPER_EXTENSION = app;
			};
			name = Debug;
		};
		B8E18A0215988DE1002487B3 /* Release */ = {
			isa = XCBuildConfiguration;
			buildSettings = {
				CLANG_ENABLE_OBJC_ARC = NO;
				CODE_SIGN_IDENTITY = "iPhone Developer: Henri de Mooij (6U35DYLRPT)";
				"CODE_SIGN_IDENTITY[sdk=iphoneos*]" = "iPhone Developer: Henri de Mooij (6U35DYLRPT)";
				FRAMEWORK_SEARCH_PATHS = (
					"$(inherited)",
					"\"$(SRCROOT)/../SDK/output/Debug-universal\"",
					"\"$(SRCROOT)/../SDK/output/Debug-universal\"",
					"\"$(SRCROOT)\"",
				);
				GCC_PRECOMPILE_PREFIX_HEADER = YES;
				GCC_PREFIX_HEADER = "TestSDK/TestSDK-Prefix.pch";
				GCC_THUMB_SUPPORT = NO;
				INFOPLIST_FILE = "TestSDK/TestSDK-Info.plist";
				IPHONEOS_DEPLOYMENT_TARGET = 4.3;
				LIBRARY_SEARCH_PATHS = (
					"$(inherited)",
					"\"$(SRCROOT)/TestSDK\"",
				);
				OTHER_LDFLAGS = (
					"-ObjC",
					"-all_load",
				);
				PRECOMPS_INCLUDE_HEADERS_FROM_BUILT_PRODUCTS_DIR = YES;
				PRODUCT_NAME = "$(TARGET_NAME)";
				PROVISIONING_PROFILE = "2CF4522B-8A87-46FD-A38C-02F56BB0DC4D";
				"PROVISIONING_PROFILE[sdk=iphoneos*]" = "9981A95A-AA37-4952-A79F-5712F6BB8FB5";
				WRAPPER_EXTENSION = app;
			};
			name = Release;
		};
		f9a6050b42d99a54f338a1f3 /* Debug */ = {
			isa = XCBuildConfiguration;
			buildSettings = {
				CODE_SIGN_IDENTITY = "iPhone Developer: Henri de Mooij (6U35DYLRPT)";
				"CODE_SIGN_IDENTITY[sdk=iphoneos*]" = "iPhone Developer: Henri de Mooij (6U35DYLRPT)";
				FRAMEWORK_SEARCH_PATHS = (
					"$(inherited)",
					"\"$(SRCROOT)/../SDK/output/Debug-universal\"",
					"\"$(SRCROOT)/../SDK/output/Debug-universal\"",
					"\"$(SRCROOT)\"",
				);
				GCC_PRECOMPILE_PREFIX_HEADER = YES;
				GCC_PREFIX_HEADER = "TestSDK/TestSDK-Prefix.pch";
				GCC_THUMB_SUPPORT = NO;
				INFOPLIST_FILE = "TestSDK/TestSDK-Info.plist";
				IPHONEOS_DEPLOYMENT_TARGET = 4.3;
				LIBRARY_SEARCH_PATHS = (
					"$(inherited)",
					"\"$(SRCROOT)/TestSDK\"",
				);
				OTHER_LDFLAGS = (
					"-ObjC",
					"-all_load",
					"$(inherited)",
					"-force_load",
					"\"$(SRCROOT)/calabash.framework/calabash\"",
					"-lstdc++",
				);
				PRECOMPS_INCLUDE_HEADERS_FROM_BUILT_PRODUCTS_DIR = YES;
				PRODUCT_NAME = "$(TARGET_NAME)";
				PROVISIONING_PROFILE = "2CF4522B-8A87-46FD-A38C-02F56BB0DC4D";
				"PROVISIONING_PROFILE[sdk=iphoneos*]" = "A5E7B34A-B8DD-4091-BBB4-B770F51445E4";
				WRAPPER_EXTENSION = app;
			};
			name = Debug;
		};
/* End XCBuildConfiguration section */

/* Begin XCConfigurationList section */
		B8E189D915988DE1002487B3 /* Build configuration list for PBXProject "TestSDK" */ = {
			isa = XCConfigurationList;
			buildConfigurations = (
				B8E189FE15988DE1002487B3 /* Debug */,
				B8E189FF15988DE1002487B3 /* Release */,
			);
			defaultConfigurationIsVisible = 0;
			defaultConfigurationName = Release;
		};
		B8E18A0015988DE1002487B3 /* Build configuration list for PBXNativeTarget "TestSDK" */ = {
			isa = XCConfigurationList;
			buildConfigurations = (
				B8E18A0115988DE1002487B3 /* Debug */,
				B8E18A0215988DE1002487B3 /* Release */,
			);
			defaultConfigurationIsVisible = 0;
			defaultConfigurationName = Release;
		};
		cf8aa0c2d0fa735d57af27ee /* Build configuration list for PBXNativeTarget "TestSDK-cal" */ = {
			isa = XCConfigurationList;
			buildConfigurations = (
				f9a6050b42d99a54f338a1f3 /* Debug */,
				2f7f7c0049f20ad6a36eebbe /* Release */,
			);
			defaultConfigurationIsVisible = 0;
			defaultConfigurationName = Release;
		};
/* End XCConfigurationList section */
	};
	rootObject = B8E189D615988DE1002487B3 /* Project object */;
}
