// !$*UTF8*$!
{
	archiveVersion = 1;
	classes = {
	};
	objectVersion = 46;
	objects = {

/* Begin PBXBuildFile section */
		096f3235d514dc3fe5e39995 /* LRResty.framework in Frameworks */ = {isa = PBXBuildFile; fileRef = BBDF9EDE16B2AA6600BA33B2 /* LRResty.framework */; };
		17d925732da5e85766b912ef /* MessageUI.framework in Frameworks */ = {isa = PBXBuildFile; fileRef = BBD814B51700A2710058DD2B /* MessageUI.framework */; };
		2f186ed501cb8ec192a83b1a /* SystemConfiguration.framework in Frameworks */ = {isa = PBXBuildFile; fileRef = B8E18A0A15988FD1002487B3 /* SystemConfiguration.framework */; };
		32a2a69ec9d4e403169463f2 /* background@2x~ipad.png in Resources */ = {isa = PBXBuildFile; fileRef = BBBD2019169ACE14006B38FB /* background@2x~ipad.png */; };
		46a246882921efccab50e879 /* AudioToolbox.framework in Frameworks */ = {isa = PBXBuildFile; fileRef = BB2BE5C91758DCBE00E9CCE9 /* AudioToolbox.framework */; };
		67d05dbd0d3a038c01030df6 /* InfoPlist.strings in Resources */ = {isa = PBXBuildFile; fileRef = B8E189EC15988DE1002487B3 /* InfoPlist.strings */; };
		757c31d5dfe58115f16cbbe5 /* Foundation.framework in Frameworks */ = {isa = PBXBuildFile; fileRef = B8E189E515988DE1002487B3 /* Foundation.framework */; };
		7e72e78c11a54fb84f44e34a /* CoreGraphics.framework in Frameworks */ = {isa = PBXBuildFile; fileRef = B8E189E715988DE1002487B3 /* CoreGraphics.framework */; };
		8913f012960bd33d77fdbfff /* main.m in Sources */ = {isa = PBXBuildFile; fileRef = B8E189EF15988DE1002487B3 /* main.m */; };
		92af9371561fb798fce92a31 /* UIKit.framework in Frameworks */ = {isa = PBXBuildFile; fileRef = B8E189E315988DE1002487B3 /* UIKit.framework */; };
		B8E189E415988DE1002487B3 /* UIKit.framework in Frameworks */ = {isa = PBXBuildFile; fileRef = B8E189E315988DE1002487B3 /* UIKit.framework */; settings = {ATTRIBUTES = (Required, ); }; };
		B8E189E615988DE1002487B3 /* Foundation.framework in Frameworks */ = {isa = PBXBuildFile; fileRef = B8E189E515988DE1002487B3 /* Foundation.framework */; settings = {ATTRIBUTES = (Required, ); }; };
		B8E189E815988DE1002487B3 /* CoreGraphics.framework in Frameworks */ = {isa = PBXBuildFile; fileRef = B8E189E715988DE1002487B3 /* CoreGraphics.framework */; settings = {ATTRIBUTES = (Required, ); }; };
		B8E189EE15988DE1002487B3 /* InfoPlist.strings in Resources */ = {isa = PBXBuildFile; fileRef = B8E189EC15988DE1002487B3 /* InfoPlist.strings */; };
		B8E189F015988DE1002487B3 /* main.m in Sources */ = {isa = PBXBuildFile; fileRef = B8E189EF15988DE1002487B3 /* main.m */; };
		B8E189F415988DE1002487B3 /* AppDelegate.m in Sources */ = {isa = PBXBuildFile; fileRef = B8E189F315988DE1002487B3 /* AppDelegate.m */; };
		B8E18A0915988F91002487B3 /* CFNetwork.framework in Frameworks */ = {isa = PBXBuildFile; fileRef = B8E18A0815988F91002487B3 /* CFNetwork.framework */; settings = {ATTRIBUTES = (Required, ); }; };
		BB0D9BB917FDAB13002B0C25 /* SuperG.framework in Frameworks */ = {isa = PBXBuildFile; fileRef = BBED096217FD9AA40008647F /* SuperG.framework */; };
		BB0D9BCC17FED25C002B0C25 /* alert6.caf in Resources */ = {isa = PBXBuildFile; fileRef = BB0D9BC617FED25C002B0C25 /* alert6.caf */; };
		BB0D9BCD17FED25C002B0C25 /* alert5.caf in Resources */ = {isa = PBXBuildFile; fileRef = BB0D9BC717FED25C002B0C25 /* alert5.caf */; };
		BB0D9BCE17FED25C002B0C25 /* alert4.caf in Resources */ = {isa = PBXBuildFile; fileRef = BB0D9BC817FED25C002B0C25 /* alert4.caf */; };
		BB0D9BCF17FED25C002B0C25 /* alert3.caf in Resources */ = {isa = PBXBuildFile; fileRef = BB0D9BC917FED25C002B0C25 /* alert3.caf */; };
		BB0D9BD017FED25C002B0C25 /* alert2.caf in Resources */ = {isa = PBXBuildFile; fileRef = BB0D9BCA17FED25C002B0C25 /* alert2.caf */; };
		BB0D9BD117FED25C002B0C25 /* alert1.caf in Resources */ = {isa = PBXBuildFile; fileRef = BB0D9BCB17FED25C002B0C25 /* alert1.caf */; };
		BB118AD617EC62FF00CA489F /* superG.png in Resources */ = {isa = PBXBuildFile; fileRef = BB118AD517EC62FF00CA489F /* superG.png */; };
		BB118AD717EC823B00CA489F /* AVFoundation.framework in Frameworks */ = {isa = PBXBuildFile; fileRef = BBFCE78B17EB55FC0028AD55 /* AVFoundation.framework */; settings = {ATTRIBUTES = (Required, ); }; };
		BB118B1E17EC946800CA489F /* Images.xcassets in Resources */ = {isa = PBXBuildFile; fileRef = BB118B1D17EC946800CA489F /* Images.xcassets */; };
		BB118B2017EC962E00CA489F /* libz.dylib in Frameworks */ = {isa = PBXBuildFile; fileRef = BB733AFC1788429E00FF972E /* libz.dylib */; settings = {ATTRIBUTES = (Required, ); }; };
		BB118B2217EC98E100CA489F /* SystemConfiguration.framework in Frameworks */ = {isa = PBXBuildFile; fileRef = B8E18A0A15988FD1002487B3 /* SystemConfiguration.framework */; settings = {ATTRIBUTES = (Required, ); }; };
		BB2BE5CA1758DCBE00E9CCE9 /* AudioToolbox.framework in Frameworks */ = {isa = PBXBuildFile; fileRef = BB2BE5C91758DCBE00E9CCE9 /* AudioToolbox.framework */; settings = {ATTRIBUTES = (Required, ); }; };
		BB7F512F168373CB0080C773 /* ViewController_iPhone.xib in Resources */ = {isa = PBXBuildFile; fileRef = BB7F512D168373CB0080C773 /* ViewController_iPhone.xib */; };
		BB99927F18F6E6DA00785D65 /* AdSupport.framework in Frameworks */ = {isa = PBXBuildFile; fileRef = BBD814B01700A2710058DD2B /* AdSupport.framework */; };
		BB99928118F6E82B00785D65 /* wolfwhistle.caf in Resources */ = {isa = PBXBuildFile; fileRef = BB99928018F6E82B00785D65 /* wolfwhistle.caf */; };
		BBAB489C17044E3800F7F71C /* ViewController.m in Sources */ = {isa = PBXBuildFile; fileRef = B8E189F615988DE1002487B3 /* ViewController.m */; };
		BBBC0483178F0120001C91EC /* libsqlite3.0.dylib in Frameworks */ = {isa = PBXBuildFile; fileRef = BBBC0482178F0120001C91EC /* libsqlite3.0.dylib */; settings = {ATTRIBUTES = (Required, ); }; };
		BBBD201D169ACE14006B38FB /* background@2x~ipad.png in Resources */ = {isa = PBXBuildFile; fileRef = BBBD2019169ACE14006B38FB /* background@2x~ipad.png */; };
		BBD6F47417EB4A08007E29E5 /* ACAttitude.m in Sources */ = {isa = PBXBuildFile; fileRef = BBD6F47117EB4A08007E29E5 /* ACAttitude.m */; };
		BBD6F47517EB4A08007E29E5 /* ACParallaxView.m in Sources */ = {isa = PBXBuildFile; fileRef = BBD6F47317EB4A08007E29E5 /* ACParallaxView.m */; };
		BBD814B71700A2710058DD2B /* CoreLocation.framework in Frameworks */ = {isa = PBXBuildFile; fileRef = BBD814B11700A2710058DD2B /* CoreLocation.framework */; settings = {ATTRIBUTES = (Required, ); }; };
		BBD814B81700A2710058DD2B /* CoreTelephony.framework in Frameworks */ = {isa = PBXBuildFile; fileRef = BBD814B21700A2710058DD2B /* CoreTelephony.framework */; settings = {ATTRIBUTES = (Required, ); }; };
		BBD814B91700A2710058DD2B /* EventKit.framework in Frameworks */ = {isa = PBXBuildFile; fileRef = BBD814B31700A2710058DD2B /* EventKit.framework */; settings = {ATTRIBUTES = (Required, ); }; };
		BBD814BA1700A2710058DD2B /* MediaPlayer.framework in Frameworks */ = {isa = PBXBuildFile; fileRef = BBD814B41700A2710058DD2B /* MediaPlayer.framework */; settings = {ATTRIBUTES = (Required, ); }; };
		BBD814BB1700A2710058DD2B /* MessageUI.framework in Frameworks */ = {isa = PBXBuildFile; fileRef = BBD814B51700A2710058DD2B /* MessageUI.framework */; settings = {ATTRIBUTES = (Required, ); }; };
		BBDF9EDF16B2AA6600BA33B2 /* LRResty.framework in Frameworks */ = {isa = PBXBuildFile; fileRef = BBDF9EDE16B2AA6600BA33B2 /* LRResty.framework */; settings = {ATTRIBUTES = (Required, ); }; };
		BBFCE77D17EB54670028AD55 /* QuartzCore.framework in Frameworks */ = {isa = PBXBuildFile; fileRef = BBFCE77C17EB54670028AD55 /* QuartzCore.framework */; settings = {ATTRIBUTES = (Required, ); }; };
		BBFCE78717EB55230028AD55 /* CoreMotion.framework in Frameworks */ = {isa = PBXBuildFile; fileRef = BBFCE78617EB55230028AD55 /* CoreMotion.framework */; settings = {ATTRIBUTES = (Required, ); }; };
		BBFCE78A17EB55BC0028AD55 /* CoreAudio.framework in Frameworks */ = {isa = PBXBuildFile; fileRef = BBFCE77F17EB54750028AD55 /* CoreAudio.framework */; settings = {ATTRIBUTES = (Required, ); }; };
		BBFCE79017EB6A610028AD55 /* galaxy.jpg in Resources */ = {isa = PBXBuildFile; fileRef = BBFCE78F17EB6A610028AD55 /* galaxy.jpg */; };
		a32cc4138e75229925852194 /* CoreLocation.framework in Frameworks */ = {isa = PBXBuildFile; fileRef = BBD814B11700A2710058DD2B /* CoreLocation.framework */; };
		a372b22f592f29bbc5b2735f /* MediaPlayer.framework in Frameworks */ = {isa = PBXBuildFile; fileRef = BBD814B41700A2710058DD2B /* MediaPlayer.framework */; };
		cdf133f83661124a0ad3ebf5 /* AdSupport.framework in Frameworks */ = {isa = PBXBuildFile; fileRef = BBD814B01700A2710058DD2B /* AdSupport.framework */; };
		d60526acaf5d62909f0b8e06 /* ViewController.m in Sources */ = {isa = PBXBuildFile; fileRef = B8E189F615988DE1002487B3 /* ViewController.m */; };
		d630620896bc44b522b8d2ba /* AppDelegate.m in Sources */ = {isa = PBXBuildFile; fileRef = B8E189F315988DE1002487B3 /* AppDelegate.m */; };
		ddeea714e46fa1f72935ee0b /* ViewController_iPhone.xib in Resources */ = {isa = PBXBuildFile; fileRef = BB7F512D168373CB0080C773 /* ViewController_iPhone.xib */; };
		e4f12dad6721725a046fa22d /* CoreTelephony.framework in Frameworks */ = {isa = PBXBuildFile; fileRef = BBD814B21700A2710058DD2B /* CoreTelephony.framework */; };
		efb09ca2bde67a8a80a9fc46 /* CFNetwork.framework in Frameworks */ = {isa = PBXBuildFile; fileRef = B8E18A0815988F91002487B3 /* CFNetwork.framework */; };
		f8d9e7efd39aab64d13fc07c /* EventKit.framework in Frameworks */ = {isa = PBXBuildFile; fileRef = BBD814B31700A2710058DD2B /* EventKit.framework */; };
/* End PBXBuildFile section */

/* Begin PBXFileReference section */
		B8E189DF15988DE1002487B3 /* TestSDK.app */ = {isa = PBXFileReference; explicitFileType = wrapper.application; includeInIndex = 0; path = TestSDK.app; sourceTree = BUILT_PRODUCTS_DIR; };
		B8E189E315988DE1002487B3 /* UIKit.framework */ = {isa = PBXFileReference; lastKnownFileType = wrapper.framework; name = UIKit.framework; path = System/Library/Frameworks/UIKit.framework; sourceTree = SDKROOT; };
		B8E189E515988DE1002487B3 /* Foundation.framework */ = {isa = PBXFileReference; lastKnownFileType = wrapper.framework; name = Foundation.framework; path = System/Library/Frameworks/Foundation.framework; sourceTree = SDKROOT; };
		B8E189E715988DE1002487B3 /* CoreGraphics.framework */ = {isa = PBXFileReference; lastKnownFileType = wrapper.framework; name = CoreGraphics.framework; path = System/Library/Frameworks/CoreGraphics.framework; sourceTree = SDKROOT; };
		B8E189EB15988DE1002487B3 /* TestSDK-Info.plist */ = {isa = PBXFileReference; lastKnownFileType = text.plist.xml; path = "TestSDK-Info.plist"; sourceTree = "<group>"; };
		B8E189ED15988DE1002487B3 /* en */ = {isa = PBXFileReference; lastKnownFileType = text.plist.strings; name = en; path = en.lproj/InfoPlist.strings; sourceTree = "<group>"; };
		B8E189EF15988DE1002487B3 /* main.m */ = {isa = PBXFileReference; lastKnownFileType = sourcecode.c.objc; path = main.m; sourceTree = "<group>"; };
		B8E189F115988DE1002487B3 /* TestSDK-Prefix.pch */ = {isa = PBXFileReference; lastKnownFileType = sourcecode.c.h; path = "TestSDK-Prefix.pch"; sourceTree = "<group>"; };
		B8E189F215988DE1002487B3 /* AppDelegate.h */ = {isa = PBXFileReference; lastKnownFileType = sourcecode.c.h; path = AppDelegate.h; sourceTree = "<group>"; };
		B8E189F315988DE1002487B3 /* AppDelegate.m */ = {isa = PBXFileReference; lastKnownFileType = sourcecode.c.objc; path = AppDelegate.m; sourceTree = "<group>"; };
		B8E189F515988DE1002487B3 /* ViewController.h */ = {isa = PBXFileReference; lastKnownFileType = sourcecode.c.h; path = ViewController.h; sourceTree = "<group>"; };
		B8E189F615988DE1002487B3 /* ViewController.m */ = {isa = PBXFileReference; lastKnownFileType = sourcecode.c.objc; path = ViewController.m; sourceTree = "<group>"; };
		B8E18A0815988F91002487B3 /* CFNetwork.framework */ = {isa = PBXFileReference; lastKnownFileType = wrapper.framework; name = CFNetwork.framework; path = System/Library/Frameworks/CFNetwork.framework; sourceTree = SDKROOT; };
		B8E18A0A15988FD1002487B3 /* SystemConfiguration.framework */ = {isa = PBXFileReference; lastKnownFileType = wrapper.framework; name = SystemConfiguration.framework; path = System/Library/Frameworks/SystemConfiguration.framework; sourceTree = SDKROOT; };
		BB0D9BC617FED25C002B0C25 /* alert6.caf */ = {isa = PBXFileReference; lastKnownFileType = file; path = alert6.caf; sourceTree = "<group>"; };
		BB0D9BC717FED25C002B0C25 /* alert5.caf */ = {isa = PBXFileReference; lastKnownFileType = file; path = alert5.caf; sourceTree = "<group>"; };
		BB0D9BC817FED25C002B0C25 /* alert4.caf */ = {isa = PBXFileReference; lastKnownFileType = file; path = alert4.caf; sourceTree = "<group>"; };
		BB0D9BC917FED25C002B0C25 /* alert3.caf */ = {isa = PBXFileReference; lastKnownFileType = file; path = alert3.caf; sourceTree = "<group>"; };
		BB0D9BCA17FED25C002B0C25 /* alert2.caf */ = {isa = PBXFileReference; lastKnownFileType = file; path = alert2.caf; sourceTree = "<group>"; };
		BB0D9BCB17FED25C002B0C25 /* alert1.caf */ = {isa = PBXFileReference; lastKnownFileType = file; path = alert1.caf; sourceTree = "<group>"; };
		BB118AD517EC62FF00CA489F /* superG.png */ = {isa = PBXFileReference; lastKnownFileType = image.png; path = superG.png; sourceTree = "<group>"; };
		BB118B1D17EC946800CA489F /* Images.xcassets */ = {isa = PBXFileReference; lastKnownFileType = folder.assetcatalog; path = Images.xcassets; sourceTree = "<group>"; };
		BB2BE5C91758DCBE00E9CCE9 /* AudioToolbox.framework */ = {isa = PBXFileReference; lastKnownFileType = wrapper.framework; name = AudioToolbox.framework; path = System/Library/Frameworks/AudioToolbox.framework; sourceTree = SDKROOT; };
		BB733AFC1788429E00FF972E /* libz.dylib */ = {isa = PBXFileReference; lastKnownFileType = "compiled.mach-o.dylib"; name = libz.dylib; path = usr/lib/libz.dylib; sourceTree = SDKROOT; };
		BB7F512D168373CB0080C773 /* ViewController_iPhone.xib */ = {isa = PBXFileReference; fileEncoding = 4; lastKnownFileType = file.xib; path = ViewController_iPhone.xib; sourceTree = "<group>"; };
		BB99928018F6E82B00785D65 /* wolfwhistle.caf */ = {isa = PBXFileReference; lastKnownFileType = file; path = wolfwhistle.caf; sourceTree = "<group>"; };
		BBBC045E178C4F7B001C91EC /* CoreData.framework */ = {isa = PBXFileReference; lastKnownFileType = wrapper.framework; name = CoreData.framework; path = System/Library/Frameworks/CoreData.framework; sourceTree = SDKROOT; };
		BBBC0482178F0120001C91EC /* libsqlite3.0.dylib */ = {isa = PBXFileReference; lastKnownFileType = "compiled.mach-o.dylib"; name = libsqlite3.0.dylib; path = usr/lib/libsqlite3.0.dylib; sourceTree = SDKROOT; };
		BBBCCD3117687E350065E0C4 /* TestSDK-cal.app */ = {isa = PBXFileReference; explicitFileType = wrapper.application; includeInIndex = 0; path = "TestSDK-cal.app"; sourceTree = BUILT_PRODUCTS_DIR; };
		BBBD2019169ACE14006B38FB /* background@2x~ipad.png */ = {isa = PBXFileReference; lastKnownFileType = image.png; name = "background@2x~ipad.png"; path = "../background@2x~ipad.png"; sourceTree = "<group>"; };
		BBD6F47017EB4A08007E29E5 /* ACAttitude.h */ = {isa = PBXFileReference; fileEncoding = 4; lastKnownFileType = sourcecode.c.h; path = ACAttitude.h; sourceTree = "<group>"; };
		BBD6F47117EB4A08007E29E5 /* ACAttitude.m */ = {isa = PBXFileReference; fileEncoding = 4; lastKnownFileType = sourcecode.c.objc; path = ACAttitude.m; sourceTree = "<group>"; };
		BBD6F47217EB4A08007E29E5 /* ACParallaxView.h */ = {isa = PBXFileReference; fileEncoding = 4; lastKnownFileType = sourcecode.c.h; path = ACParallaxView.h; sourceTree = "<group>"; };
		BBD6F47317EB4A08007E29E5 /* ACParallaxView.m */ = {isa = PBXFileReference; fileEncoding = 4; lastKnownFileType = sourcecode.c.objc; path = ACParallaxView.m; sourceTree = "<group>"; };
		BBD814B01700A2710058DD2B /* AdSupport.framework */ = {isa = PBXFileReference; lastKnownFileType = wrapper.framework; name = AdSupport.framework; path = System/Library/Frameworks/AdSupport.framework; sourceTree = SDKROOT; };
		BBD814B11700A2710058DD2B /* CoreLocation.framework */ = {isa = PBXFileReference; lastKnownFileType = wrapper.framework; name = CoreLocation.framework; path = System/Library/Frameworks/CoreLocation.framework; sourceTree = SDKROOT; };
		BBD814B21700A2710058DD2B /* CoreTelephony.framework */ = {isa = PBXFileReference; lastKnownFileType = wrapper.framework; name = CoreTelephony.framework; path = System/Library/Frameworks/CoreTelephony.framework; sourceTree = SDKROOT; };
		BBD814B31700A2710058DD2B /* EventKit.framework */ = {isa = PBXFileReference; lastKnownFileType = wrapper.framework; name = EventKit.framework; path = System/Library/Frameworks/EventKit.framework; sourceTree = SDKROOT; };
		BBD814B41700A2710058DD2B /* MediaPlayer.framework */ = {isa = PBXFileReference; lastKnownFileType = wrapper.framework; name = MediaPlayer.framework; path = System/Library/Frameworks/MediaPlayer.framework; sourceTree = SDKROOT; };
		BBD814B51700A2710058DD2B /* MessageUI.framework */ = {isa = PBXFileReference; lastKnownFileType = wrapper.framework; name = MessageUI.framework; path = System/Library/Frameworks/MessageUI.framework; sourceTree = SDKROOT; };
		BBDF9EDE16B2AA6600BA33B2 /* LRResty.framework */ = {isa = PBXFileReference; lastKnownFileType = wrapper.framework; path = LRResty.framework; sourceTree = "<group>"; };
		BBED096217FD9AA40008647F /* SuperG.framework */ = {isa = PBXFileReference; lastKnownFileType = wrapper.framework; name = SuperG.framework; path = "../SDK/output/Debug-universal/SuperG.framework"; sourceTree = SOURCE_ROOT; };
		BBFCE77C17EB54670028AD55 /* QuartzCore.framework */ = {isa = PBXFileReference; lastKnownFileType = wrapper.framework; name = QuartzCore.framework; path = System/Library/Frameworks/QuartzCore.framework; sourceTree = SDKROOT; };
		BBFCE77F17EB54750028AD55 /* CoreAudio.framework */ = {isa = PBXFileReference; lastKnownFileType = wrapper.framework; name = CoreAudio.framework; path = System/Library/Frameworks/CoreAudio.framework; sourceTree = SDKROOT; };
		BBFCE78617EB55230028AD55 /* CoreMotion.framework */ = {isa = PBXFileReference; lastKnownFileType = wrapper.framework; name = CoreMotion.framework; path = System/Library/Frameworks/CoreMotion.framework; sourceTree = SDKROOT; };
		BBFCE78B17EB55FC0028AD55 /* AVFoundation.framework */ = {isa = PBXFileReference; lastKnownFileType = wrapper.framework; name = AVFoundation.framework; path = System/Library/Frameworks/AVFoundation.framework; sourceTree = SDKROOT; };
		BBFCE78F17EB6A610028AD55 /* galaxy.jpg */ = {isa = PBXFileReference; lastKnownFileType = image.jpeg; path = galaxy.jpg; sourceTree = "<group>"; };
/* End PBXFileReference section */

/* Begin PBXFrameworksBuildPhase section */
		B8E189DC15988DE1002487B3 /* Frameworks */ = {
			isa = PBXFrameworksBuildPhase;
			buildActionMask = 2147483647;
			files = (
				BB99927F18F6E6DA00785D65 /* AdSupport.framework in Frameworks */,
				B8E189E615988DE1002487B3 /* Foundation.framework in Frameworks */,
				BB118B2217EC98E100CA489F /* SystemConfiguration.framework in Frameworks */,
				BB118B2017EC962E00CA489F /* libz.dylib in Frameworks */,
				BB118AD717EC823B00CA489F /* AVFoundation.framework in Frameworks */,
				BB2BE5CA1758DCBE00E9CCE9 /* AudioToolbox.framework in Frameworks */,
				BBFCE78A17EB55BC0028AD55 /* CoreAudio.framework in Frameworks */,
				BB0D9BB917FDAB13002B0C25 /* SuperG.framework in Frameworks */,
				BBFCE78717EB55230028AD55 /* CoreMotion.framework in Frameworks */,
				BBFCE77D17EB54670028AD55 /* QuartzCore.framework in Frameworks */,
				BBBC0483178F0120001C91EC /* libsqlite3.0.dylib in Frameworks */,
				BBD814B71700A2710058DD2B /* CoreLocation.framework in Frameworks */,
				BBD814B81700A2710058DD2B /* CoreTelephony.framework in Frameworks */,
				BBD814B91700A2710058DD2B /* EventKit.framework in Frameworks */,
				BBD814BA1700A2710058DD2B /* MediaPlayer.framework in Frameworks */,
				BBD814BB1700A2710058DD2B /* MessageUI.framework in Frameworks */,
				B8E18A0915988F91002487B3 /* CFNetwork.framework in Frameworks */,
				B8E189E415988DE1002487B3 /* UIKit.framework in Frameworks */,
				B8E189E815988DE1002487B3 /* CoreGraphics.framework in Frameworks */,
				BBDF9EDF16B2AA6600BA33B2 /* LRResty.framework in Frameworks */,
			);
			runOnlyForDeploymentPostprocessing = 0;
		};
		a61805b9a3168f08695dd9a4 /* Frameworks */ = {
			isa = PBXFrameworksBuildPhase;
			buildActionMask = 2147483647;
			files = (
				46a246882921efccab50e879 /* AudioToolbox.framework in Frameworks */,
				cdf133f83661124a0ad3ebf5 /* AdSupport.framework in Frameworks */,
				a32cc4138e75229925852194 /* CoreLocation.framework in Frameworks */,
				e4f12dad6721725a046fa22d /* CoreTelephony.framework in Frameworks */,
				f8d9e7efd39aab64d13fc07c /* EventKit.framework in Frameworks */,
				a372b22f592f29bbc5b2735f /* MediaPlayer.framework in Frameworks */,
				17d925732da5e85766b912ef /* MessageUI.framework in Frameworks */,
				2f186ed501cb8ec192a83b1a /* SystemConfiguration.framework in Frameworks */,
				efb09ca2bde67a8a80a9fc46 /* CFNetwork.framework in Frameworks */,
				92af9371561fb798fce92a31 /* UIKit.framework in Frameworks */,
				757c31d5dfe58115f16cbbe5 /* Foundation.framework in Frameworks */,
				7e72e78c11a54fb84f44e34a /* CoreGraphics.framework in Frameworks */,
				096f3235d514dc3fe5e39995 /* LRResty.framework in Frameworks */,
			);
			runOnlyForDeploymentPostprocessing = 0;
		};
/* End PBXFrameworksBuildPhase section */

/* Begin PBXGroup section */
		B889C74815A5C5180065AD24 /* Classes */ = {
			isa = PBXGroup;
			children = (
				B8E189F515988DE1002487B3 /* ViewController.h */,
				B8E189F615988DE1002487B3 /* ViewController.m */,
				BB7F512D168373CB0080C773 /* ViewController_iPhone.xib */,
			);
			name = Classes;
			sourceTree = "<group>";
		};
		B8E189D415988DE1002487B3 = {
			isa = PBXGroup;
			children = (
				B8E189E915988DE1002487B3 /* TestSDK */,
				B8E189E215988DE1002487B3 /* Frameworks */,
				B8E189E015988DE1002487B3 /* Products */,
				BB0D9BC617FED25C002B0C25 /* alert6.caf */,
				BB0D9BC717FED25C002B0C25 /* alert5.caf */,
				BB0D9BC817FED25C002B0C25 /* alert4.caf */,
				BB0D9BC917FED25C002B0C25 /* alert3.caf */,
				BB0D9BCA17FED25C002B0C25 /* alert2.caf */,
				BB0D9BCB17FED25C002B0C25 /* alert1.caf */,
				BB99928018F6E82B00785D65 /* wolfwhistle.caf */,
			);
			sourceTree = "<group>";
		};
		B8E189E015988DE1002487B3 /* Products */ = {
			isa = PBXGroup;
			children = (
				B8E189DF15988DE1002487B3 /* TestSDK.app */,
				BBBCCD3117687E350065E0C4 /* TestSDK-cal.app */,
			);
			name = Products;
			sourceTree = "<group>";
		};
		B8E189E215988DE1002487B3 /* Frameworks */ = {
			isa = PBXGroup;
			children = (
				BBED096217FD9AA40008647F /* SuperG.framework */,
				BBFCE78B17EB55FC0028AD55 /* AVFoundation.framework */,
				BBFCE78617EB55230028AD55 /* CoreMotion.framework */,
				BBFCE77F17EB54750028AD55 /* CoreAudio.framework */,
				BBFCE77C17EB54670028AD55 /* QuartzCore.framework */,
				BBD6F46F17EB4A08007E29E5 /* Parallax */,
				BBBC0482178F0120001C91EC /* libsqlite3.0.dylib */,
				BBBC045E178C4F7B001C91EC /* CoreData.framework */,
				BB733AFC1788429E00FF972E /* libz.dylib */,
				BB2BE5C91758DCBE00E9CCE9 /* AudioToolbox.framework */,
				BBD814B01700A2710058DD2B /* AdSupport.framework */,
				BBD814B11700A2710058DD2B /* CoreLocation.framework */,
				BBD814B21700A2710058DD2B /* CoreTelephony.framework */,
				BBD814B31700A2710058DD2B /* EventKit.framework */,
				BBD814B41700A2710058DD2B /* MediaPlayer.framework */,
				BBD814B51700A2710058DD2B /* MessageUI.framework */,
				BBDF9EDE16B2AA6600BA33B2 /* LRResty.framework */,
				B8E18A0A15988FD1002487B3 /* SystemConfiguration.framework */,
				B8E18A0815988F91002487B3 /* CFNetwork.framework */,
				B8E189E315988DE1002487B3 /* UIKit.framework */,
				B8E189E515988DE1002487B3 /* Foundation.framework */,
				B8E189E715988DE1002487B3 /* CoreGraphics.framework */,
			);
			name = Frameworks;
			sourceTree = SOURCE_ROOT;
		};
		B8E189E915988DE1002487B3 /* TestSDK */ = {
			isa = PBXGroup;
			children = (
				BB118AEA17EC8FFE00CA489F /* Images */,
				B889C74815A5C5180065AD24 /* Classes */,
				B8E189F215988DE1002487B3 /* AppDelegate.h */,
				B8E189F315988DE1002487B3 /* AppDelegate.m */,
				BB118B1D17EC946800CA489F /* Images.xcassets */,
				B8E189EA15988DE1002487B3 /* Supporting Files */,
			);
			path = TestSDK;
			sourceTree = "<group>";
		};
		B8E189EA15988DE1002487B3 /* Supporting Files */ = {
			isa = PBXGroup;
			children = (
				B8E189EB15988DE1002487B3 /* TestSDK-Info.plist */,
				B8E189EC15988DE1002487B3 /* InfoPlist.strings */,
				B8E189EF15988DE1002487B3 /* main.m */,
				B8E189F115988DE1002487B3 /* TestSDK-Prefix.pch */,
			);
			name = "Supporting Files";
			sourceTree = "<group>";
		};
		BB118AEA17EC8FFE00CA489F /* Images */ = {
			isa = PBXGroup;
			children = (
				BBFCE78F17EB6A610028AD55 /* galaxy.jpg */,
				BBBD2019169ACE14006B38FB /* background@2x~ipad.png */,
				BB118AD517EC62FF00CA489F /* superG.png */,
			);
			name = Images;
			sourceTree = "<group>";
		};
		BBD6F46F17EB4A08007E29E5 /* Parallax */ = {
			isa = PBXGroup;
			children = (
				BBD6F47017EB4A08007E29E5 /* ACAttitude.h */,
				BBD6F47117EB4A08007E29E5 /* ACAttitude.m */,
				BBD6F47217EB4A08007E29E5 /* ACParallaxView.h */,
				BBD6F47317EB4A08007E29E5 /* ACParallaxView.m */,
			);
			path = Parallax;
			sourceTree = "<group>";
		};
/* End PBXGroup section */

/* Begin PBXNativeTarget section */
		B8E189DE15988DE1002487B3 /* TestSDK */ = {
			isa = PBXNativeTarget;
			buildConfigurationList = B8E18A0015988DE1002487B3 /* Build configuration list for PBXNativeTarget "TestSDK" */;
			buildPhases = (
				B8E189DB15988DE1002487B3 /* Sources */,
				B8E189DC15988DE1002487B3 /* Frameworks */,
				B8E189DD15988DE1002487B3 /* Resources */,
			);
			buildRules = (
			);
			dependencies = (
			);
			name = TestSDK;
			productName = TestSDK;
			productReference = B8E189DF15988DE1002487B3 /* TestSDK.app */;
			productType = "com.apple.product-type.application";
		};
		f6f53ce616a0ffaa883a5a67 /* TestSDK-cal */ = {
			isa = PBXNativeTarget;
			buildConfigurationList = cf8aa0c2d0fa735d57af27ee /* Build configuration list for PBXNativeTarget "TestSDK-cal" */;
			buildPhases = (
				e7d33cb280477939c6f0ec73 /* Sources */,
				a61805b9a3168f08695dd9a4 /* Frameworks */,
				39e22ac5e11f986e2c874ba4 /* Resources */,
			);
			buildRules = (
			);
			dependencies = (
			);
			name = "TestSDK-cal";
			productName = "TestSDK-cal";
			productReference = BBBCCD3117687E350065E0C4 /* TestSDK-cal.app */;
			productType = "com.apple.product-type.application";
		};
/* End PBXNativeTarget section */

/* Begin PBXProject section */
		B8E189D615988DE1002487B3 /* Project object */ = {
			isa = PBXProject;
			attributes = {
				LastUpgradeCheck = 0500;
				TargetAttributes = {
					B8E189DE15988DE1002487B3 = {
						DevelopmentTeam = R97U25PWLT;
					};
				};
			};
			buildConfigurationList = B8E189D915988DE1002487B3 /* Build configuration list for PBXProject "TestSDK" */;
			compatibilityVersion = "Xcode 3.2";
			developmentRegion = English;
			hasScannedForEncodings = 0;
			knownRegions = (
				en,
			);
			mainGroup = B8E189D415988DE1002487B3;
			productRefGroup = B8E189E015988DE1002487B3 /* Products */;
			projectDirPath = "";
			projectRoot = "";
			targets = (
				B8E189DE15988DE1002487B3 /* TestSDK */,
				f6f53ce616a0ffaa883a5a67 /* TestSDK-cal */,
			);
		};
/* End PBXProject section */

/* Begin PBXResourcesBuildPhase section */
		39e22ac5e11f986e2c874ba4 /* Resources */ = {
			isa = PBXResourcesBuildPhase;
			buildActionMask = 2147483647;
			files = (
				67d05dbd0d3a038c01030df6 /* InfoPlist.strings in Resources */,
				ddeea714e46fa1f72935ee0b /* ViewController_iPhone.xib in Resources */,
				32a2a69ec9d4e403169463f2 /* background@2x~ipad.png in Resources */,
			);
			runOnlyForDeploymentPostprocessing = 0;
		};
		B8E189DD15988DE1002487B3 /* Resources */ = {
			isa = PBXResourcesBuildPhase;
			buildActionMask = 2147483647;
			files = (
				B8E189EE15988DE1002487B3 /* InfoPlist.strings in Resources */,
				BB0D9BCC17FED25C002B0C25 /* alert6.caf in Resources */,
				BB0D9BCF17FED25C002B0C25 /* alert3.caf in Resources */,
				BB0D9BCD17FED25C002B0C25 /* alert5.caf in Resources */,
				BB0D9BCE17FED25C002B0C25 /* alert4.caf in Resources */,
				BB0D9BD117FED25C002B0C25 /* alert1.caf in Resources */,
				BB0D9BD017FED25C002B0C25 /* alert2.caf in Resources */,
				BBFCE79017EB6A610028AD55 /* galaxy.jpg in Resources */,
				BB118B1E17EC946800CA489F /* Images.xcassets in Resources */,
				BB7F512F168373CB0080C773 /* ViewController_iPhone.xib in Resources */,
				BBBD201D169ACE14006B38FB /* background@2x~ipad.png in Resources */,
				BB99928118F6E82B00785D65 /* wolfwhistle.caf in Resources */,
				BB118AD617EC62FF00CA489F /* superG.png in Resources */,
			);
			runOnlyForDeploymentPostprocessing = 0;
		};
/* End PBXResourcesBuildPhase section */

/* Begin PBXSourcesBuildPhase section */
		B8E189DB15988DE1002487B3 /* Sources */ = {
			isa = PBXSourcesBuildPhase;
			buildActionMask = 2147483647;
			files = (
				B8E189F015988DE1002487B3 /* main.m in Sources */,
				B8E189F415988DE1002487B3 /* AppDelegate.m in Sources */,
				BBD6F47517EB4A08007E29E5 /* ACParallaxView.m in Sources */,
				BBAB489C17044E3800F7F71C /* ViewController.m in Sources */,
				BBD6F47417EB4A08007E29E5 /* ACAttitude.m in Sources */,
			);
			runOnlyForDeploymentPostprocessing = 0;
		};
		e7d33cb280477939c6f0ec73 /* Sources */ = {
			isa = PBXSourcesBuildPhase;
			buildActionMask = 2147483647;
			files = (
				8913f012960bd33d77fdbfff /* main.m in Sources */,
				d630620896bc44b522b8d2ba /* AppDelegate.m in Sources */,
				d60526acaf5d62909f0b8e06 /* ViewController.m in Sources */,
			);
			runOnlyForDeploymentPostprocessing = 0;
		};
/* End PBXSourcesBuildPhase section */

/* Begin PBXVariantGroup section */
		B8E189EC15988DE1002487B3 /* InfoPlist.strings */ = {
			isa = PBXVariantGroup;
			children = (
				B8E189ED15988DE1002487B3 /* en */,
			);
			name = InfoPlist.strings;
			sourceTree = "<group>";
		};
/* End PBXVariantGroup section */

/* Begin XCBuildConfiguration section */
		2f7f7c0049f20ad6a36eebbe /* Release */ = {
			isa = XCBuildConfiguration;
			buildSettings = {
				CODE_SIGN_IDENTITY = "iPhone Developer: Henri de Mooij (6U35DYLRPT)";
				"CODE_SIGN_IDENTITY[sdk=iphoneos*]" = "iPhone Developer: Henri de Mooij (6U35DYLRPT)";
				FRAMEWORK_SEARCH_PATHS = (
					"$(inherited)",
					"\"$(SRCROOT)/../SDK/output/Debug-universal\"",
					"\"$(SRCROOT)/../SDK/output/Debug-universal\"",
					"\"$(SRCROOT)\"",
					"\"$(SRCROOT)/TestSDK\"",
					"\"$(SRCROOT)/ThumbrTAnimation.embeddedframework\"",
				);
				GCC_PRECOMPILE_PREFIX_HEADER = YES;
				GCC_PREFIX_HEADER = "TestSDK/TestSDK-Prefix.pch";
				GCC_THUMB_SUPPORT = NO;
				INFOPLIST_FILE = "TestSDK/TestSDK-Info.plist";
				IPHONEOS_DEPLOYMENT_TARGET = 4.3;
				LIBRARY_SEARCH_PATHS = (
					"$(inherited)",
					"\"$(SRCROOT)/TestSDK\"",
				);
				OTHER_LDFLAGS = (
					"-ObjC",
					"-all_load",
					"$(inherited)",
					"-force_load",
					"\"$(SRCROOT)/calabash.framework/calabash\"",
					"-lstdc++",
				);
				PRECOMPS_INCLUDE_HEADERS_FROM_BUILT_PRODUCTS_DIR = YES;
				PRODUCT_NAME = "$(TARGET_NAME)";
				PROVISIONING_PROFILE = "2CF4522B-8A87-46FD-A38C-02F56BB0DC4D";
				"PROVISIONING_PROFILE[sdk=iphoneos*]" = "9981A95A-AA37-4952-A79F-5712F6BB8FB5";
				WRAPPER_EXTENSION = app;
			};
			name = Release;
		};
		B8E189FE15988DE1002487B3 /* Debug */ = {
			isa = XCBuildConfiguration;
			buildSettings = {
				ALWAYS_SEARCH_USER_PATHS = NO;
				CLANG_WARN_BOOL_CONVERSION = YES;
				CLANG_WARN_CONSTANT_CONVERSION = YES;
				CLANG_WARN_EMPTY_BODY = YES;
				CLANG_WARN_ENUM_CONVERSION = YES;
				CLANG_WARN_INT_CONVERSION = YES;
				CLANG_WARN__DUPLICATE_METHOD_MATCH = YES;
				CODE_SIGN_IDENTITY = "iPhone Developer: Henri de Mooij (6U35DYLRPT)";
				"CODE_SIGN_IDENTITY[sdk=iphoneos*]" = "iPhone Developer: Henri de Mooij (6U35DYLRPT)";
				COPY_PHASE_STRIP = YES;
				GCC_C_LANGUAGE_STANDARD = gnu99;
				GCC_DYNAMIC_NO_PIC = NO;
				GCC_INPUT_FILETYPE = automatic;
				GCC_OPTIMIZATION_LEVEL = 0;
				GCC_PREPROCESSOR_DEFINITIONS = (
					"DEBUG=1",
					"$(inherited)",
				);
				GCC_SYMBOLS_PRIVATE_EXTERN = NO;
				GCC_THUMB_SUPPORT = NO;
				GCC_VERSION = com.apple.compilers.llvm.clang.1_0;
				GCC_WARN_64_TO_32_BIT_CONVERSION = YES;
				GCC_WARN_ABOUT_RETURN_TYPE = YES;
				GCC_WARN_UNDECLARED_SELECTOR = YES;
				GCC_WARN_UNINITIALIZED_AUTOS = YES;
				GCC_WARN_UNUSED_FUNCTION = YES;
				GCC_WARN_UNUSED_LABEL = NO;
				GCC_WARN_UNUSED_PARAMETER = NO;
				GCC_WARN_UNUSED_VARIABLE = YES;
				IBC_OTHER_FLAGS = "";
				IPHONEOS_DEPLOYMENT_TARGET = 7.0;
				ONLY_ACTIVE_ARCH = YES;
				OTHER_CFLAGS = "";
				OTHER_LDFLAGS = "-fno-objc-arc";
				PROVISIONING_PROFILE = "EE3A34D9-EA70-4B24-8BF6-7624D9CF9B14";
				"PROVISIONING_PROFILE[sdk=iphoneos*]" = "EE3A34D9-EA70-4B24-8BF6-7624D9CF9B14";
				SDKROOT = iphoneos;
				TARGETED_DEVICE_FAMILY = "1,2";
				VALID_ARCHS = "armv7 armv6";
			};
			name = Debug;
		};
		B8E189FF15988DE1002487B3 /* Release */ = {
			isa = XCBuildConfiguration;
			buildSettings = {
				ALWAYS_SEARCH_USER_PATHS = NO;
				CLANG_WARN_BOOL_CONVERSION = YES;
				CLANG_WARN_CONSTANT_CONVERSION = YES;
				CLANG_WARN_EMPTY_BODY = YES;
				CLANG_WARN_ENUM_CONVERSION = YES;
				CLANG_WARN_INT_CONVERSION = YES;
				CLANG_WARN__DUPLICATE_METHOD_MATCH = YES;
				CODE_SIGN_IDENTITY = "iPhone Developer: Henri de Mooij (6U35DYLRPT)";
				"CODE_SIGN_IDENTITY[sdk=iphoneos*]" = "iPhone Developer: Henri de Mooij (6U35DYLRPT)";
				COPY_PHASE_STRIP = YES;
				GCC_C_LANGUAGE_STANDARD = gnu99;
				GCC_INPUT_FILETYPE = automatic;
				GCC_THUMB_SUPPORT = NO;
				GCC_VERSION = com.apple.compilers.llvm.clang.1_0;
				GCC_WARN_64_TO_32_BIT_CONVERSION = YES;
				GCC_WARN_ABOUT_RETURN_TYPE = YES;
				GCC_WARN_UNDECLARED_SELECTOR = YES;
				GCC_WARN_UNINITIALIZED_AUTOS = YES;
				GCC_WARN_UNUSED_FUNCTION = YES;
				GCC_WARN_UNUSED_LABEL = NO;
				GCC_WARN_UNUSED_PARAMETER = NO;
				GCC_WARN_UNUSED_VARIABLE = YES;
				IBC_OTHER_FLAGS = "";
				IPHONEOS_DEPLOYMENT_TARGET = 7.0;
				ONLY_ACTIVE_ARCH = NO;
				OTHER_CFLAGS = "-DNS_BLOCK_ASSERTIONS=1";
				OTHER_LDFLAGS = "-fno-objc-arc";
				PROVISIONING_PROFILE = "2CF4522B-8A87-46FD-A38C-02F56BB0DC4D";
				"PROVISIONING_PROFILE[sdk=iphoneos*]" = "26495637-8CEA-49F9-93F6-50F0A7E5F475";
				SDKROOT = iphoneos;
				TARGETED_DEVICE_FAMILY = "1,2";
				VALIDATE_PRODUCT = YES;
				VALID_ARCHS = "armv7 armv6";
			};
			name = Release;
		};
		B8E18A0115988DE1002487B3 /* Debug */ = {
			isa = XCBuildConfiguration;
			buildSettings = {
				ASSETCATALOG_COMPILER_APPICON_NAME = AppIcon;
				ASSETCATALOG_COMPILER_LAUNCHIMAGE_NAME = LaunchImage;
				CLANG_ENABLE_OBJC_ARC = NO;
				CODE_SIGN_IDENTITY = "iPhone Developer";
				"CODE_SIGN_IDENTITY[sdk=iphoneos*]" = "iPhone Developer";
				FRAMEWORK_SEARCH_PATHS = (
					"$(inherited)",
					"../SDK/output/Debug-universal/**",
					"./ThumbrTAnimation.embeddedframework/**",
					"$(SRCROOT)/**",
				);
				GCC_ENABLE_FLOATING_POINT_LIBRARY_CALLS = YES;
				GCC_PRECOMPILE_PREFIX_HEADER = YES;
				GCC_PREFIX_HEADER = "TestSDK/TestSDK-Prefix.pch";
				GCC_THUMB_SUPPORT = NO;
				INFOPLIST_FILE = "TestSDK/TestSDK-Info.plist";
				IPHONEOS_DEPLOYMENT_TARGET = 5.1;
				LIBRARY_SEARCH_PATHS = (
					"$(inherited)",
					/Users/henri/Documents/Cliq/SDKs/__iOS/TestApp,
				);
				ONLY_ACTIVE_ARCH = NO;
				OTHER_LDFLAGS = (
					"-ObjC",
					"-all_load",
					"-fno-objc-arc",
				);
				PRECOMPS_INCLUDE_HEADERS_FROM_BUILT_PRODUCTS_DIR = YES;
				PRODUCT_NAME = "$(TARGET_NAME)";
				PROVISIONING_PROFILE = "556AC4AA-7C3B-4DD2-94F5-4DED403F7E9E";
				"PROVISIONING_PROFILE[sdk=iphoneos*]" = "556AC4AA-7C3B-4DD2-94F5-4DED403F7E9E";
				TARGETED_DEVICE_FAMILY = "1,2";
				VALID_ARCHS = "armv7 armv6";
				WRAPPER_EXTENSION = app;
			};
			name = Debug;
		};
		B8E18A0215988DE1002487B3 /* Release */ = {
			isa = XCBuildConfiguration;
			buildSettings = {
				ASSETCATALOG_COMPILER_APPICON_NAME = AppIcon;
				ASSETCATALOG_COMPILER_LAUNCHIMAGE_NAME = LaunchImage;
				CLANG_ENABLE_OBJC_ARC = NO;
				CODE_SIGN_IDENTITY = "iPhone Developer";
				"CODE_SIGN_IDENTITY[sdk=iphoneos*]" = "iPhone Developer";
				FRAMEWORK_SEARCH_PATHS = (
					"$(inherited)",
					"../SDK/output/Debug-universal/**",
					"./ThumbrTAnimation.embeddedframework/**",
					"$(SRCROOT)/**",
				);
				GCC_ENABLE_FLOATING_POINT_LIBRARY_CALLS = YES;
				GCC_PRECOMPILE_PREFIX_HEADER = YES;
				GCC_PREFIX_HEADER = "TestSDK/TestSDK-Prefix.pch";
				GCC_THUMB_SUPPORT = NO;
				INFOPLIST_FILE = "TestSDK/TestSDK-Info.plist";
				IPHONEOS_DEPLOYMENT_TARGET = 5.1;
				LIBRARY_SEARCH_PATHS = (
					"$(inherited)",
					/Users/henri/Documents/Cliq/SDKs/__iOS/TestApp,
				);
				OTHER_LDFLAGS = (
					"-ObjC",
					"-all_load",
					"-fno-objc-arc",
				);
				PRECOMPS_INCLUDE_HEADERS_FROM_BUILT_PRODUCTS_DIR = YES;
				PRODUCT_NAME = "$(TARGET_NAME)";
				PROVISIONING_PROFILE = "";
				"PROVISIONING_PROFILE[sdk=iphoneos*]" = "EE3A34D9-EA70-4B24-8BF6-7624D9CF9B14";
				TARGETED_DEVICE_FAMILY = "1,2";
				VALID_ARCHS = "armv7 armv6";
				WRAPPER_EXTENSION = app;
			};
			name = Release;
		};
		f9a6050b42d99a54f338a1f3 /* Debug */ = {
			isa = XCBuildConfiguration;
			buildSettings = {
				CODE_SIGN_IDENTITY = "iPhone Developer: Henri de Mooij (6U35DYLRPT)";
				"CODE_SIGN_IDENTITY[sdk=iphoneos*]" = "iPhone Developer: Henri de Mooij (6U35DYLRPT)";
				FRAMEWORK_SEARCH_PATHS = (
					"$(inherited)",
					"\"$(SRCROOT)/../SDK/output/Debug-universal\"",
					"\"$(SRCROOT)/../SDK/output/Debug-universal\"",
					"\"$(SRCROOT)\"",
					"\"$(SRCROOT)/TestSDK\"",
					"\"$(SRCROOT)/ThumbrTAnimation.embeddedframework\"",
				);
				GCC_PRECOMPILE_PREFIX_HEADER = YES;
				GCC_PREFIX_HEADER = "TestSDK/TestSDK-Prefix.pch";
				GCC_THUMB_SUPPORT = NO;
				INFOPLIST_FILE = "TestSDK/TestSDK-Info.plist";
				IPHONEOS_DEPLOYMENT_TARGET = 4.3;
				LIBRARY_SEARCH_PATHS = (
					"$(inherited)",
					"\"$(SRCROOT)/TestSDK\"",
				);
				OTHER_LDFLAGS = (
					"-ObjC",
					"-all_load",
					"$(inherited)",
					"-force_load",
					"\"$(SRCROOT)/calabash.framework/calabash\"",
					"-lstdc++",
				);
				PRECOMPS_INCLUDE_HEADERS_FROM_BUILT_PRODUCTS_DIR = YES;
				PRODUCT_NAME = "$(TARGET_NAME)";
				PROVISIONING_PROFILE = "2CF4522B-8A87-46FD-A38C-02F56BB0DC4D";
				"PROVISIONING_PROFILE[sdk=iphoneos*]" = "A5E7B34A-B8DD-4091-BBB4-B770F51445E4";
				WRAPPER_EXTENSION = app;
			};
			name = Debug;
		};
/* End XCBuildConfiguration section */

/* Begin XCConfigurationList section */
		B8E189D915988DE1002487B3 /* Build configuration list for PBXProject "TestSDK" */ = {
			isa = XCConfigurationList;
			buildConfigurations = (
				B8E189FE15988DE1002487B3 /* Debug */,
				B8E189FF15988DE1002487B3 /* Release */,
			);
			defaultConfigurationIsVisible = 0;
			defaultConfigurationName = Release;
		};
		B8E18A0015988DE1002487B3 /* Build configuration list for PBXNativeTarget "TestSDK" */ = {
			isa = XCConfigurationList;
			buildConfigurations = (
				B8E18A0115988DE1002487B3 /* Debug */,
				B8E18A0215988DE1002487B3 /* Release */,
			);
			defaultConfigurationIsVisible = 0;
			defaultConfigurationName = Release;
		};
		cf8aa0c2d0fa735d57af27ee /* Build configuration list for PBXNativeTarget "TestSDK-cal" */ = {
			isa = XCConfigurationList;
			buildConfigurations = (
				f9a6050b42d99a54f338a1f3 /* Debug */,
				2f7f7c0049f20ad6a36eebbe /* Release */,
			);
			defaultConfigurationIsVisible = 0;
			defaultConfigurationName = Release;
		};
/* End XCConfigurationList section */
	};
	rootObject = B8E189D615988DE1002487B3 /* Project object */;
}
